// !$*UTF8*$!
{
	archiveVersion = 1;
	classes = {
	};
	objectVersion = 56;
	objects = {

/* Begin PBXBuildFile section */
		486341A52B800E200077B8F1 /* RecommendationsViewModel.swift in Sources */ = {isa = PBXBuildFile; fileRef = 486341A42B800E200077B8F1 /* RecommendationsViewModel.swift */; };
		486341A72B8015990077B8F1 /* RecommendedAlbumItemVeiwModel.swift in Sources */ = {isa = PBXBuildFile; fileRef = 486341A62B8015990077B8F1 /* RecommendedAlbumItemVeiwModel.swift */; };
		48A7008D2B72C9DD00252D68 /* CoreDataManager.swift in Sources */ = {isa = PBXBuildFile; fileRef = 48A7008C2B72C9DD00252D68 /* CoreDataManager.swift */; };
		48A7008F2B72C9F700252D68 /* Assets.xcassets in Resources */ = {isa = PBXBuildFile; fileRef = 48A7008E2B72C9F700252D68 /* Assets.xcassets */; };
		48A700932B72CC2A00252D68 /* Amoitar.ttf in Resources */ = {isa = PBXBuildFile; fileRef = 48A700912B72CC2A00252D68 /* Amoitar.ttf */; };
		48A700942B72CC2A00252D68 /* Cochin.ttc in Resources */ = {isa = PBXBuildFile; fileRef = 48A700922B72CC2A00252D68 /* Cochin.ttc */; };
		48A700972B72CC6E00252D68 /* User.swift in Sources */ = {isa = PBXBuildFile; fileRef = 48A700962B72CC6E00252D68 /* User.swift */; };
		48A7009A2B72CCA000252D68 /* AlbumItemViewModel.swift in Sources */ = {isa = PBXBuildFile; fileRef = 48A700992B72CCA000252D68 /* AlbumItemViewModel.swift */; };
		48A7009C2B72CCC300252D68 /* AlbumListViewModel.swift in Sources */ = {isa = PBXBuildFile; fileRef = 48A7009B2B72CCC300252D68 /* AlbumListViewModel.swift */; };
		48A7009E2B72CCD700252D68 /* MainViewModel.swift in Sources */ = {isa = PBXBuildFile; fileRef = 48A7009D2B72CCD700252D68 /* MainViewModel.swift */; };
		48A700A02B72CCE900252D68 /* NewItemViewModel.swift in Sources */ = {isa = PBXBuildFile; fileRef = 48A7009F2B72CCE900252D68 /* NewItemViewModel.swift */; };
		48A700A22B72CD1500252D68 /* EditAlbumItemViewModel.swift in Sources */ = {isa = PBXBuildFile; fileRef = 48A700A12B72CD1500252D68 /* EditAlbumItemViewModel.swift */; };
		48A700A52B72CF9B00252D68 /* MainView.swift in Sources */ = {isa = PBXBuildFile; fileRef = 48A700A42B72CF9B00252D68 /* MainView.swift */; };
		48A700A72B72CFD200252D68 /* AlbumItemView.swift in Sources */ = {isa = PBXBuildFile; fileRef = 48A700A62B72CFD200252D68 /* AlbumItemView.swift */; };
		48A700A92B72D03900252D68 /* EditAlbumItemView.swift in Sources */ = {isa = PBXBuildFile; fileRef = 48A700A82B72D03900252D68 /* EditAlbumItemView.swift */; };
		48A700AB2B72D06500252D68 /* AlbumListView.swift in Sources */ = {isa = PBXBuildFile; fileRef = 48A700AA2B72D06500252D68 /* AlbumListView.swift */; };
		48A700AD2B72D07600252D68 /* HeaderVeiw.swift in Sources */ = {isa = PBXBuildFile; fileRef = 48A700AC2B72D07600252D68 /* HeaderVeiw.swift */; };
		48A700AF2B72D09800252D68 /* LoginView.swift in Sources */ = {isa = PBXBuildFile; fileRef = 48A700AE2B72D09800252D68 /* LoginView.swift */; };
		48A700B12B72D0AF00252D68 /* RecomendationsView.swift in Sources */ = {isa = PBXBuildFile; fileRef = 48A700B02B72D0AF00252D68 /* RecomendationsView.swift */; };
		48A700B32B72D0C400252D68 /* RecommendedAlbumItemView.swift in Sources */ = {isa = PBXBuildFile; fileRef = 48A700B22B72D0C400252D68 /* RecommendedAlbumItemView.swift */; };
		48A700B52B72D0D700252D68 /* NewItemView.swift in Sources */ = {isa = PBXBuildFile; fileRef = 48A700B42B72D0D700252D68 /* NewItemView.swift */; };
		48A700B72B72D0EF00252D68 /* ProfileView.swift in Sources */ = {isa = PBXBuildFile; fileRef = 48A700B62B72D0EF00252D68 /* ProfileView.swift */; };
		48A700B92B72D10800252D68 /* RRButton.swift in Sources */ = {isa = PBXBuildFile; fileRef = 48A700B82B72D10800252D68 /* RRButton.swift */; };
		48A700BB2B72D12800252D68 /* ProfileViewModel.swift in Sources */ = {isa = PBXBuildFile; fileRef = 48A700BA2B72D12800252D68 /* ProfileViewModel.swift */; };
		48A700BD2B72D2DD00252D68 /* AlbumItemModel.swift in Sources */ = {isa = PBXBuildFile; fileRef = 48A700BC2B72D2DD00252D68 /* AlbumItemModel.swift */; };
		48D7717A2B72AA24000F2986 /* R_RApp.swift in Sources */ = {isa = PBXBuildFile; fileRef = 48D771792B72AA24000F2986 /* R_RApp.swift */; };
		48D7717C2B72AA24000F2986 /* ContentView.swift in Sources */ = {isa = PBXBuildFile; fileRef = 48D7717B2B72AA24000F2986 /* ContentView.swift */; };
		48D771812B72AA25000F2986 /* Preview Assets.xcassets in Resources */ = {isa = PBXBuildFile; fileRef = 48D771802B72AA25000F2986 /* Preview Assets.xcassets */; };
		48D771832B72AA25000F2986 /* Persistence.swift in Sources */ = {isa = PBXBuildFile; fileRef = 48D771822B72AA25000F2986 /* Persistence.swift */; };
		48D771862B72AA25000F2986 /* R_R.xcdatamodeld in Sources */ = {isa = PBXBuildFile; fileRef = 48D771842B72AA25000F2986 /* R_R.xcdatamodeld */; };
/* End PBXBuildFile section */

/* Begin PBXContainerItemProxy section */
		48D7718C2B72AA25000F2986 /* PBXContainerItemProxy */ = {
			isa = PBXContainerItemProxy;
			containerPortal = 48D7716E2B72AA24000F2986 /* Project object */;
			proxyType = 1;
			remoteGlobalIDString = 48D771752B72AA24000F2986;
			remoteInfo = "R&R";
		};
		48D771962B72AA25000F2986 /* PBXContainerItemProxy */ = {
			isa = PBXContainerItemProxy;
			containerPortal = 48D7716E2B72AA24000F2986 /* Project object */;
			proxyType = 1;
			remoteGlobalIDString = 48D771752B72AA24000F2986;
			remoteInfo = "R&R";
		};
/* End PBXContainerItemProxy section */

/* Begin PBXFileReference section */
		4858CECB2B74437700F8378B /* R-R-Info.plist */ = {isa = PBXFileReference; lastKnownFileType = text.plist; path = "R-R-Info.plist"; sourceTree = SOURCE_ROOT; };
		486341A42B800E200077B8F1 /* RecommendationsViewModel.swift */ = {isa = PBXFileReference; lastKnownFileType = sourcecode.swift; path = RecommendationsViewModel.swift; sourceTree = "<group>"; };
		486341A62B8015990077B8F1 /* RecommendedAlbumItemVeiwModel.swift */ = {isa = PBXFileReference; lastKnownFileType = sourcecode.swift; path = RecommendedAlbumItemVeiwModel.swift; sourceTree = "<group>"; };
		48A7008C2B72C9DD00252D68 /* CoreDataManager.swift */ = {isa = PBXFileReference; lastKnownFileType = sourcecode.swift; path = CoreDataManager.swift; sourceTree = "<group>"; };
		48A7008E2B72C9F700252D68 /* Assets.xcassets */ = {isa = PBXFileReference; lastKnownFileType = folder.assetcatalog; path = Assets.xcassets; sourceTree = "<group>"; };
		48A700912B72CC2A00252D68 /* Amoitar.ttf */ = {isa = PBXFileReference; lastKnownFileType = file; name = Amoitar.ttf; path = "../../../R&R iOS/R&R iOS/fonts/Amoitar.ttf"; sourceTree = "<group>"; };
		48A700922B72CC2A00252D68 /* Cochin.ttc */ = {isa = PBXFileReference; lastKnownFileType = file; path = Cochin.ttc; sourceTree = "<group>"; };
		48A700962B72CC6E00252D68 /* User.swift */ = {isa = PBXFileReference; lastKnownFileType = sourcecode.swift; path = User.swift; sourceTree = "<group>"; };
		48A700992B72CCA000252D68 /* AlbumItemViewModel.swift */ = {isa = PBXFileReference; lastKnownFileType = sourcecode.swift; path = AlbumItemViewModel.swift; sourceTree = "<group>"; };
		48A7009B2B72CCC300252D68 /* AlbumListViewModel.swift */ = {isa = PBXFileReference; lastKnownFileType = sourcecode.swift; path = AlbumListViewModel.swift; sourceTree = "<group>"; };
		48A7009D2B72CCD700252D68 /* MainViewModel.swift */ = {isa = PBXFileReference; lastKnownFileType = sourcecode.swift; path = MainViewModel.swift; sourceTree = "<group>"; };
		48A7009F2B72CCE900252D68 /* NewItemViewModel.swift */ = {isa = PBXFileReference; lastKnownFileType = sourcecode.swift; path = NewItemViewModel.swift; sourceTree = "<group>"; };
		48A700A12B72CD1500252D68 /* EditAlbumItemViewModel.swift */ = {isa = PBXFileReference; lastKnownFileType = sourcecode.swift; path = EditAlbumItemViewModel.swift; sourceTree = "<group>"; };
		48A700A42B72CF9B00252D68 /* MainView.swift */ = {isa = PBXFileReference; lastKnownFileType = sourcecode.swift; path = MainView.swift; sourceTree = "<group>"; };
		48A700A62B72CFD200252D68 /* AlbumItemView.swift */ = {isa = PBXFileReference; lastKnownFileType = sourcecode.swift; path = AlbumItemView.swift; sourceTree = "<group>"; };
		48A700A82B72D03900252D68 /* EditAlbumItemView.swift */ = {isa = PBXFileReference; lastKnownFileType = sourcecode.swift; path = EditAlbumItemView.swift; sourceTree = "<group>"; };
		48A700AA2B72D06500252D68 /* AlbumListView.swift */ = {isa = PBXFileReference; lastKnownFileType = sourcecode.swift; path = AlbumListView.swift; sourceTree = "<group>"; };
		48A700AC2B72D07600252D68 /* HeaderVeiw.swift */ = {isa = PBXFileReference; lastKnownFileType = sourcecode.swift; path = HeaderVeiw.swift; sourceTree = "<group>"; };
		48A700AE2B72D09800252D68 /* LoginView.swift */ = {isa = PBXFileReference; lastKnownFileType = sourcecode.swift; path = LoginView.swift; sourceTree = "<group>"; };
		48A700B02B72D0AF00252D68 /* RecomendationsView.swift */ = {isa = PBXFileReference; lastKnownFileType = sourcecode.swift; path = RecomendationsView.swift; sourceTree = "<group>"; };
		48A700B22B72D0C400252D68 /* RecommendedAlbumItemView.swift */ = {isa = PBXFileReference; lastKnownFileType = sourcecode.swift; path = RecommendedAlbumItemView.swift; sourceTree = "<group>"; };
		48A700B42B72D0D700252D68 /* NewItemView.swift */ = {isa = PBXFileReference; lastKnownFileType = sourcecode.swift; path = NewItemView.swift; sourceTree = "<group>"; };
		48A700B62B72D0EF00252D68 /* ProfileView.swift */ = {isa = PBXFileReference; lastKnownFileType = sourcecode.swift; path = ProfileView.swift; sourceTree = "<group>"; };
		48A700B82B72D10800252D68 /* RRButton.swift */ = {isa = PBXFileReference; lastKnownFileType = sourcecode.swift; path = RRButton.swift; sourceTree = "<group>"; };
		48A700BA2B72D12800252D68 /* ProfileViewModel.swift */ = {isa = PBXFileReference; lastKnownFileType = sourcecode.swift; path = ProfileViewModel.swift; sourceTree = "<group>"; };
		48A700BC2B72D2DD00252D68 /* AlbumItemModel.swift */ = {isa = PBXFileReference; lastKnownFileType = sourcecode.swift; path = AlbumItemModel.swift; sourceTree = "<group>"; };
		48D771762B72AA24000F2986 /* R&R.app */ = {isa = PBXFileReference; explicitFileType = wrapper.application; includeInIndex = 0; path = "R&R.app"; sourceTree = BUILT_PRODUCTS_DIR; };
		48D771792B72AA24000F2986 /* R_RApp.swift */ = {isa = PBXFileReference; lastKnownFileType = sourcecode.swift; path = R_RApp.swift; sourceTree = "<group>"; };
		48D7717B2B72AA24000F2986 /* ContentView.swift */ = {isa = PBXFileReference; lastKnownFileType = sourcecode.swift; path = ContentView.swift; sourceTree = "<group>"; };
		48D771802B72AA25000F2986 /* Preview Assets.xcassets */ = {isa = PBXFileReference; lastKnownFileType = folder.assetcatalog; path = "Preview Assets.xcassets"; sourceTree = "<group>"; };
		48D771822B72AA25000F2986 /* Persistence.swift */ = {isa = PBXFileReference; lastKnownFileType = sourcecode.swift; path = Persistence.swift; sourceTree = "<group>"; };
		48D771852B72AA25000F2986 /* R_R.xcdatamodel */ = {isa = PBXFileReference; lastKnownFileType = wrapper.xcdatamodel; path = R_R.xcdatamodel; sourceTree = "<group>"; };
		48D7718B2B72AA25000F2986 /* R&RTests.xctest */ = {isa = PBXFileReference; explicitFileType = wrapper.cfbundle; includeInIndex = 0; path = "R&RTests.xctest"; sourceTree = BUILT_PRODUCTS_DIR; };
		48D771952B72AA25000F2986 /* R&RUITests.xctest */ = {isa = PBXFileReference; explicitFileType = wrapper.cfbundle; includeInIndex = 0; path = "R&RUITests.xctest"; sourceTree = BUILT_PRODUCTS_DIR; };
		48D771A82B72AA69000F2986 /* R&R.entitlements */ = {isa = PBXFileReference; lastKnownFileType = text.plist.entitlements; path = "R&R.entitlements"; sourceTree = "<group>"; };
/* End PBXFileReference section */

/* Begin PBXFrameworksBuildPhase section */
		48D771732B72AA24000F2986 /* Frameworks */ = {
			isa = PBXFrameworksBuildPhase;
			buildActionMask = 2147483647;
			files = (
			);
			runOnlyForDeploymentPostprocessing = 0;
		};
		48D771882B72AA25000F2986 /* Frameworks */ = {
			isa = PBXFrameworksBuildPhase;
			buildActionMask = 2147483647;
			files = (
			);
			runOnlyForDeploymentPostprocessing = 0;
		};
		48D771922B72AA25000F2986 /* Frameworks */ = {
			isa = PBXFrameworksBuildPhase;
			buildActionMask = 2147483647;
			files = (
			);
			runOnlyForDeploymentPostprocessing = 0;
		};
/* End PBXFrameworksBuildPhase section */

/* Begin PBXGroup section */
		48A700902B72CBDA00252D68 /* fonts */ = {
			isa = PBXGroup;
			children = (
				48A700912B72CC2A00252D68 /* Amoitar.ttf */,
				48A700922B72CC2A00252D68 /* Cochin.ttc */,
			);
			path = fonts;
			sourceTree = "<group>";
		};
		48A700952B72CC4C00252D68 /* Models */ = {
			isa = PBXGroup;
			children = (
				48A7008C2B72C9DD00252D68 /* CoreDataManager.swift */,
				48A700BC2B72D2DD00252D68 /* AlbumItemModel.swift */,
				48A700962B72CC6E00252D68 /* User.swift */,
			);
			path = Models;
			sourceTree = "<group>";
		};
		48A700982B72CC8100252D68 /* ViewModels */ = {
			isa = PBXGroup;
			children = (
				48A700992B72CCA000252D68 /* AlbumItemViewModel.swift */,
				486341A62B8015990077B8F1 /* RecommendedAlbumItemVeiwModel.swift */,
				48A7009B2B72CCC300252D68 /* AlbumListViewModel.swift */,
				48A7009D2B72CCD700252D68 /* MainViewModel.swift */,
				48A700BA2B72D12800252D68 /* ProfileViewModel.swift */,
				48A7009F2B72CCE900252D68 /* NewItemViewModel.swift */,
				48A700A12B72CD1500252D68 /* EditAlbumItemViewModel.swift */,
				486341A42B800E200077B8F1 /* RecommendationsViewModel.swift */,
			);
			path = ViewModels;
			sourceTree = "<group>";
		};
		48A700A32B72CF7100252D68 /* Views */ = {
			isa = PBXGroup;
			children = (
				48A700A42B72CF9B00252D68 /* MainView.swift */,
				48A700A62B72CFD200252D68 /* AlbumItemView.swift */,
				48A700A82B72D03900252D68 /* EditAlbumItemView.swift */,
				48A700AA2B72D06500252D68 /* AlbumListView.swift */,
				48A700AC2B72D07600252D68 /* HeaderVeiw.swift */,
				48A700AE2B72D09800252D68 /* LoginView.swift */,
				48A700B02B72D0AF00252D68 /* RecomendationsView.swift */,
				48A700B22B72D0C400252D68 /* RecommendedAlbumItemView.swift */,
				48A700B42B72D0D700252D68 /* NewItemView.swift */,
				48A700B62B72D0EF00252D68 /* ProfileView.swift */,
				48A700B82B72D10800252D68 /* RRButton.swift */,
			);
			path = Views;
			sourceTree = "<group>";
		};
		48D7716D2B72AA24000F2986 = {
			isa = PBXGroup;
			children = (
				48D771782B72AA24000F2986 /* R&R */,
				48D771772B72AA24000F2986 /* Products */,
			);
			sourceTree = "<group>";
		};
		48D771772B72AA24000F2986 /* Products */ = {
			isa = PBXGroup;
			children = (
				48D771762B72AA24000F2986 /* R&R.app */,
				48D7718B2B72AA25000F2986 /* R&RTests.xctest */,
				48D771952B72AA25000F2986 /* R&RUITests.xctest */,
			);
			name = Products;
			sourceTree = "<group>";
		};
		48D771782B72AA24000F2986 /* R&R */ = {
			isa = PBXGroup;
			children = (
				4858CECB2B74437700F8378B /* R-R-Info.plist */,
				48A700902B72CBDA00252D68 /* fonts */,
				48A700952B72CC4C00252D68 /* Models */,
				48A700982B72CC8100252D68 /* ViewModels */,
				48A700A32B72CF7100252D68 /* Views */,
				48A7008E2B72C9F700252D68 /* Assets.xcassets */,
				48D771A82B72AA69000F2986 /* R&R.entitlements */,
				48D771792B72AA24000F2986 /* R_RApp.swift */,
				48D7717B2B72AA24000F2986 /* ContentView.swift */,
				48D771822B72AA25000F2986 /* Persistence.swift */,
				48D771842B72AA25000F2986 /* R_R.xcdatamodeld */,
				48D7717F2B72AA25000F2986 /* Preview Content */,
			);
			path = "R&R";
			sourceTree = "<group>";
		};
		48D7717F2B72AA25000F2986 /* Preview Content */ = {
			isa = PBXGroup;
			children = (
				48D771802B72AA25000F2986 /* Preview Assets.xcassets */,
			);
			path = "Preview Content";
			sourceTree = "<group>";
		};
/* End PBXGroup section */

/* Begin PBXNativeTarget section */
		48D771752B72AA24000F2986 /* R&R */ = {
			isa = PBXNativeTarget;
			buildConfigurationList = 48D7719F2B72AA25000F2986 /* Build configuration list for PBXNativeTarget "R&R" */;
			buildPhases = (
				48D771722B72AA24000F2986 /* Sources */,
				48D771732B72AA24000F2986 /* Frameworks */,
				48D771742B72AA24000F2986 /* Resources */,
			);
			buildRules = (
			);
			dependencies = (
			);
			name = "R&R";
			productName = "R&R";
			productReference = 48D771762B72AA24000F2986 /* R&R.app */;
			productType = "com.apple.product-type.application";
		};
		48D7718A2B72AA25000F2986 /* R&RTests */ = {
			isa = PBXNativeTarget;
			buildConfigurationList = 48D771A22B72AA25000F2986 /* Build configuration list for PBXNativeTarget "R&RTests" */;
			buildPhases = (
				48D771872B72AA25000F2986 /* Sources */,
				48D771882B72AA25000F2986 /* Frameworks */,
				48D771892B72AA25000F2986 /* Resources */,
			);
			buildRules = (
			);
			dependencies = (
				48D7718D2B72AA25000F2986 /* PBXTargetDependency */,
			);
			name = "R&RTests";
			productName = "R&RTests";
			productReference = 48D7718B2B72AA25000F2986 /* R&RTests.xctest */;
			productType = "com.apple.product-type.bundle.unit-test";
		};
		48D771942B72AA25000F2986 /* R&RUITests */ = {
			isa = PBXNativeTarget;
			buildConfigurationList = 48D771A52B72AA25000F2986 /* Build configuration list for PBXNativeTarget "R&RUITests" */;
			buildPhases = (
				48D771912B72AA25000F2986 /* Sources */,
				48D771922B72AA25000F2986 /* Frameworks */,
				48D771932B72AA25000F2986 /* Resources */,
			);
			buildRules = (
			);
			dependencies = (
				48D771972B72AA25000F2986 /* PBXTargetDependency */,
			);
			name = "R&RUITests";
			productName = "R&RUITests";
			productReference = 48D771952B72AA25000F2986 /* R&RUITests.xctest */;
			productType = "com.apple.product-type.bundle.ui-testing";
		};
/* End PBXNativeTarget section */

/* Begin PBXProject section */
		48D7716E2B72AA24000F2986 /* Project object */ = {
			isa = PBXProject;
			attributes = {
				BuildIndependentTargetsInParallel = 1;
				LastSwiftUpdateCheck = 1520;
				LastUpgradeCheck = 1520;
				TargetAttributes = {
					48D771752B72AA24000F2986 = {
						CreatedOnToolsVersion = 15.2;
					};
					48D7718A2B72AA25000F2986 = {
						CreatedOnToolsVersion = 15.2;
						TestTargetID = 48D771752B72AA24000F2986;
					};
					48D771942B72AA25000F2986 = {
						CreatedOnToolsVersion = 15.2;
						TestTargetID = 48D771752B72AA24000F2986;
					};
				};
			};
			buildConfigurationList = 48D771712B72AA24000F2986 /* Build configuration list for PBXProject "R&R" */;
			compatibilityVersion = "Xcode 14.0";
			developmentRegion = en;
			hasScannedForEncodings = 0;
			knownRegions = (
				en,
				Base,
			);
			mainGroup = 48D7716D2B72AA24000F2986;
			productRefGroup = 48D771772B72AA24000F2986 /* Products */;
			projectDirPath = "";
			projectRoot = "";
			targets = (
				48D771752B72AA24000F2986 /* R&R */,
				48D7718A2B72AA25000F2986 /* R&RTests */,
				48D771942B72AA25000F2986 /* R&RUITests */,
			);
		};
/* End PBXProject section */

/* Begin PBXResourcesBuildPhase section */
		48D771742B72AA24000F2986 /* Resources */ = {
			isa = PBXResourcesBuildPhase;
			buildActionMask = 2147483647;
			files = (
				48A7008F2B72C9F700252D68 /* Assets.xcassets in Resources */,
				48A700932B72CC2A00252D68 /* Amoitar.ttf in Resources */,
				48D771812B72AA25000F2986 /* Preview Assets.xcassets in Resources */,
				48A700942B72CC2A00252D68 /* Cochin.ttc in Resources */,
			);
			runOnlyForDeploymentPostprocessing = 0;
		};
		48D771892B72AA25000F2986 /* Resources */ = {
			isa = PBXResourcesBuildPhase;
			buildActionMask = 2147483647;
			files = (
			);
			runOnlyForDeploymentPostprocessing = 0;
		};
		48D771932B72AA25000F2986 /* Resources */ = {
			isa = PBXResourcesBuildPhase;
			buildActionMask = 2147483647;
			files = (
			);
			runOnlyForDeploymentPostprocessing = 0;
		};
/* End PBXResourcesBuildPhase section */

/* Begin PBXSourcesBuildPhase section */
		48D771722B72AA24000F2986 /* Sources */ = {
			isa = PBXSourcesBuildPhase;
			buildActionMask = 2147483647;
			files = (
				48A700B32B72D0C400252D68 /* RecommendedAlbumItemView.swift in Sources */,
				48D771832B72AA25000F2986 /* Persistence.swift in Sources */,
				48A700BD2B72D2DD00252D68 /* AlbumItemModel.swift in Sources */,
				48A700A52B72CF9B00252D68 /* MainView.swift in Sources */,
				48A700AD2B72D07600252D68 /* HeaderVeiw.swift in Sources */,
				48A700B52B72D0D700252D68 /* NewItemView.swift in Sources */,
				48D7717C2B72AA24000F2986 /* ContentView.swift in Sources */,
				48A700A22B72CD1500252D68 /* EditAlbumItemViewModel.swift in Sources */,
				48A700A02B72CCE900252D68 /* NewItemViewModel.swift in Sources */,
				48A700A92B72D03900252D68 /* EditAlbumItemView.swift in Sources */,
				48A700972B72CC6E00252D68 /* User.swift in Sources */,
				48D7717A2B72AA24000F2986 /* R_RApp.swift in Sources */,
				48A7009C2B72CCC300252D68 /* AlbumListViewModel.swift in Sources */,
				48A700AF2B72D09800252D68 /* LoginView.swift in Sources */,
				48A700B12B72D0AF00252D68 /* RecomendationsView.swift in Sources */,
				48A7008D2B72C9DD00252D68 /* CoreDataManager.swift in Sources */,
				48A700BB2B72D12800252D68 /* ProfileViewModel.swift in Sources */,
				48A7009A2B72CCA000252D68 /* AlbumItemViewModel.swift in Sources */,
				48D771862B72AA25000F2986 /* R_R.xcdatamodeld in Sources */,
				486341A72B8015990077B8F1 /* RecommendedAlbumItemVeiwModel.swift in Sources */,
				48A7009E2B72CCD700252D68 /* MainViewModel.swift in Sources */,
				48A700A72B72CFD200252D68 /* AlbumItemView.swift in Sources */,
				486341A52B800E200077B8F1 /* RecommendationsViewModel.swift in Sources */,
				48A700B72B72D0EF00252D68 /* ProfileView.swift in Sources */,
				48A700AB2B72D06500252D68 /* AlbumListView.swift in Sources */,
				48A700B92B72D10800252D68 /* RRButton.swift in Sources */,
			);
			runOnlyForDeploymentPostprocessing = 0;
		};
		48D771872B72AA25000F2986 /* Sources */ = {
			isa = PBXSourcesBuildPhase;
			buildActionMask = 2147483647;
			files = (
			);
			runOnlyForDeploymentPostprocessing = 0;
		};
		48D771912B72AA25000F2986 /* Sources */ = {
			isa = PBXSourcesBuildPhase;
			buildActionMask = 2147483647;
			files = (
			);
			runOnlyForDeploymentPostprocessing = 0;
		};
/* End PBXSourcesBuildPhase section */

/* Begin PBXTargetDependency section */
		48D7718D2B72AA25000F2986 /* PBXTargetDependency */ = {
			isa = PBXTargetDependency;
			target = 48D771752B72AA24000F2986 /* R&R */;
			targetProxy = 48D7718C2B72AA25000F2986 /* PBXContainerItemProxy */;
		};
		48D771972B72AA25000F2986 /* PBXTargetDependency */ = {
			isa = PBXTargetDependency;
			target = 48D771752B72AA24000F2986 /* R&R */;
			targetProxy = 48D771962B72AA25000F2986 /* PBXContainerItemProxy */;
		};
/* End PBXTargetDependency section */

/* Begin XCBuildConfiguration section */
		48D7719D2B72AA25000F2986 /* Debug */ = {
			isa = XCBuildConfiguration;
			buildSettings = {
				ALWAYS_SEARCH_USER_PATHS = NO;
				ASSETCATALOG_COMPILER_GENERATE_SWIFT_ASSET_SYMBOL_EXTENSIONS = YES;
				CLANG_ANALYZER_NONNULL = YES;
				CLANG_ANALYZER_NUMBER_OBJECT_CONVERSION = YES_AGGRESSIVE;
				CLANG_CXX_LANGUAGE_STANDARD = "gnu++20";
				CLANG_ENABLE_MODULES = YES;
				CLANG_ENABLE_OBJC_ARC = YES;
				CLANG_ENABLE_OBJC_WEAK = YES;
				CLANG_WARN_BLOCK_CAPTURE_AUTORELEASING = YES;
				CLANG_WARN_BOOL_CONVERSION = YES;
				CLANG_WARN_COMMA = YES;
				CLANG_WARN_CONSTANT_CONVERSION = YES;
				CLANG_WARN_DEPRECATED_OBJC_IMPLEMENTATIONS = YES;
				CLANG_WARN_DIRECT_OBJC_ISA_USAGE = YES_ERROR;
				CLANG_WARN_DOCUMENTATION_COMMENTS = YES;
				CLANG_WARN_EMPTY_BODY = YES;
				CLANG_WARN_ENUM_CONVERSION = YES;
				CLANG_WARN_INFINITE_RECURSION = YES;
				CLANG_WARN_INT_CONVERSION = YES;
				CLANG_WARN_NON_LITERAL_NULL_CONVERSION = YES;
				CLANG_WARN_OBJC_IMPLICIT_RETAIN_SELF = YES;
				CLANG_WARN_OBJC_LITERAL_CONVERSION = YES;
				CLANG_WARN_OBJC_ROOT_CLASS = YES_ERROR;
				CLANG_WARN_QUOTED_INCLUDE_IN_FRAMEWORK_HEADER = YES;
				CLANG_WARN_RANGE_LOOP_ANALYSIS = YES;
				CLANG_WARN_STRICT_PROTOTYPES = YES;
				CLANG_WARN_SUSPICIOUS_MOVE = YES;
				CLANG_WARN_UNGUARDED_AVAILABILITY = YES_AGGRESSIVE;
				CLANG_WARN_UNREACHABLE_CODE = YES;
				CLANG_WARN__DUPLICATE_METHOD_MATCH = YES;
				COPY_PHASE_STRIP = NO;
				DEBUG_INFORMATION_FORMAT = dwarf;
				ENABLE_STRICT_OBJC_MSGSEND = YES;
				ENABLE_TESTABILITY = YES;
				ENABLE_USER_SCRIPT_SANDBOXING = YES;
				GCC_C_LANGUAGE_STANDARD = gnu17;
				GCC_DYNAMIC_NO_PIC = NO;
				GCC_NO_COMMON_BLOCKS = YES;
				GCC_OPTIMIZATION_LEVEL = 0;
				GCC_PREPROCESSOR_DEFINITIONS = (
					"DEBUG=1",
					"$(inherited)",
				);
				GCC_WARN_64_TO_32_BIT_CONVERSION = YES;
				GCC_WARN_ABOUT_RETURN_TYPE = YES_ERROR;
				GCC_WARN_UNDECLARED_SELECTOR = YES;
				GCC_WARN_UNINITIALIZED_AUTOS = YES_AGGRESSIVE;
				GCC_WARN_UNUSED_FUNCTION = YES;
				GCC_WARN_UNUSED_VARIABLE = YES;
				IPHONEOS_DEPLOYMENT_TARGET = 17.2;
				LOCALIZATION_PREFERS_STRING_CATALOGS = YES;
				MTL_ENABLE_DEBUG_INFO = INCLUDE_SOURCE;
				MTL_FAST_MATH = YES;
				ONLY_ACTIVE_ARCH = YES;
				SDKROOT = iphoneos;
				SWIFT_ACTIVE_COMPILATION_CONDITIONS = "DEBUG $(inherited)";
				SWIFT_OPTIMIZATION_LEVEL = "-Onone";
			};
			name = Debug;
		};
		48D7719E2B72AA25000F2986 /* Release */ = {
			isa = XCBuildConfiguration;
			buildSettings = {
				ALWAYS_SEARCH_USER_PATHS = NO;
				ASSETCATALOG_COMPILER_GENERATE_SWIFT_ASSET_SYMBOL_EXTENSIONS = YES;
				CLANG_ANALYZER_NONNULL = YES;
				CLANG_ANALYZER_NUMBER_OBJECT_CONVERSION = YES_AGGRESSIVE;
				CLANG_CXX_LANGUAGE_STANDARD = "gnu++20";
				CLANG_ENABLE_MODULES = YES;
				CLANG_ENABLE_OBJC_ARC = YES;
				CLANG_ENABLE_OBJC_WEAK = YES;
				CLANG_WARN_BLOCK_CAPTURE_AUTORELEASING = YES;
				CLANG_WARN_BOOL_CONVERSION = YES;
				CLANG_WARN_COMMA = YES;
				CLANG_WARN_CONSTANT_CONVERSION = YES;
				CLANG_WARN_DEPRECATED_OBJC_IMPLEMENTATIONS = YES;
				CLANG_WARN_DIRECT_OBJC_ISA_USAGE = YES_ERROR;
				CLANG_WARN_DOCUMENTATION_COMMENTS = YES;
				CLANG_WARN_EMPTY_BODY = YES;
				CLANG_WARN_ENUM_CONVERSION = YES;
				CLANG_WARN_INFINITE_RECURSION = YES;
				CLANG_WARN_INT_CONVERSION = YES;
				CLANG_WARN_NON_LITERAL_NULL_CONVERSION = YES;
				CLANG_WARN_OBJC_IMPLICIT_RETAIN_SELF = YES;
				CLANG_WARN_OBJC_LITERAL_CONVERSION = YES;
				CLANG_WARN_OBJC_ROOT_CLASS = YES_ERROR;
				CLANG_WARN_QUOTED_INCLUDE_IN_FRAMEWORK_HEADER = YES;
				CLANG_WARN_RANGE_LOOP_ANALYSIS = YES;
				CLANG_WARN_STRICT_PROTOTYPES = YES;
				CLANG_WARN_SUSPICIOUS_MOVE = YES;
				CLANG_WARN_UNGUARDED_AVAILABILITY = YES_AGGRESSIVE;
				CLANG_WARN_UNREACHABLE_CODE = YES;
				CLANG_WARN__DUPLICATE_METHOD_MATCH = YES;
				COPY_PHASE_STRIP = NO;
				DEBUG_INFORMATION_FORMAT = "dwarf-with-dsym";
				ENABLE_NS_ASSERTIONS = NO;
				ENABLE_STRICT_OBJC_MSGSEND = YES;
				ENABLE_USER_SCRIPT_SANDBOXING = YES;
				GCC_C_LANGUAGE_STANDARD = gnu17;
				GCC_NO_COMMON_BLOCKS = YES;
				GCC_WARN_64_TO_32_BIT_CONVERSION = YES;
				GCC_WARN_ABOUT_RETURN_TYPE = YES_ERROR;
				GCC_WARN_UNDECLARED_SELECTOR = YES;
				GCC_WARN_UNINITIALIZED_AUTOS = YES_AGGRESSIVE;
				GCC_WARN_UNUSED_FUNCTION = YES;
				GCC_WARN_UNUSED_VARIABLE = YES;
				IPHONEOS_DEPLOYMENT_TARGET = 17.2;
				LOCALIZATION_PREFERS_STRING_CATALOGS = YES;
				MTL_ENABLE_DEBUG_INFO = NO;
				MTL_FAST_MATH = YES;
				SDKROOT = iphoneos;
				SWIFT_COMPILATION_MODE = wholemodule;
				VALIDATE_PRODUCT = YES;
			};
			name = Release;
		};
		48D771A02B72AA25000F2986 /* Debug */ = {
			isa = XCBuildConfiguration;
			buildSettings = {
				ASSETCATALOG_COMPILER_APPICON_NAME = AppIcon;
				ASSETCATALOG_COMPILER_GLOBAL_ACCENT_COLOR_NAME = AccentColor;
				CODE_SIGN_ENTITLEMENTS = "R&R/R&R.entitlements";
				CODE_SIGN_STYLE = Automatic;
				CURRENT_PROJECT_VERSION = 1;
				DEVELOPMENT_ASSET_PATHS = "\"R&R/Preview Content\"";
				DEVELOPMENT_TEAM = 48Y23HRY8Y;
				ENABLE_PREVIEWS = YES;
				GENERATE_INFOPLIST_FILE = YES;
				INFOPLIST_FILE = "R-R-Info.plist";
				INFOPLIST_KEY_UIApplicationSceneManifest_Generation = YES;
				INFOPLIST_KEY_UIApplicationSupportsIndirectInputEvents = YES;
				INFOPLIST_KEY_UILaunchScreen_Generation = YES;
				INFOPLIST_KEY_UISupportedInterfaceOrientations_iPad = "UIInterfaceOrientationPortrait UIInterfaceOrientationPortraitUpsideDown UIInterfaceOrientationLandscapeLeft UIInterfaceOrientationLandscapeRight";
				INFOPLIST_KEY_UISupportedInterfaceOrientations_iPhone = "UIInterfaceOrientationPortrait UIInterfaceOrientationLandscapeLeft UIInterfaceOrientationLandscapeRight";
				LD_RUNPATH_SEARCH_PATHS = (
					"$(inherited)",
					"@executable_path/Frameworks",
				);
				MARKETING_VERSION = 1.0;
				PRODUCT_BUNDLE_IDENTIFIER = "mine.R-R";
				PRODUCT_NAME = "$(TARGET_NAME)";
				SWIFT_EMIT_LOC_STRINGS = YES;
				SWIFT_VERSION = 5.0;
				TARGETED_DEVICE_FAMILY = "1,2";
			};
			name = Debug;
		};
		48D771A12B72AA25000F2986 /* Release */ = {
			isa = XCBuildConfiguration;
			buildSettings = {
				ASSETCATALOG_COMPILER_APPICON_NAME = AppIcon;
				ASSETCATALOG_COMPILER_GLOBAL_ACCENT_COLOR_NAME = AccentColor;
				CODE_SIGN_ENTITLEMENTS = "R&R/R&R.entitlements";
				CODE_SIGN_STYLE = Automatic;
				CURRENT_PROJECT_VERSION = 1;
				DEVELOPMENT_ASSET_PATHS = "\"R&R/Preview Content\"";
				DEVELOPMENT_TEAM = 48Y23HRY8Y;
				ENABLE_PREVIEWS = YES;
				GENERATE_INFOPLIST_FILE = YES;
				INFOPLIST_FILE = "R-R-Info.plist";
				INFOPLIST_KEY_UIApplicationSceneManifest_Generation = YES;
				INFOPLIST_KEY_UIApplicationSupportsIndirectInputEvents = YES;
				INFOPLIST_KEY_UILaunchScreen_Generation = YES;
				INFOPLIST_KEY_UISupportedInterfaceOrientations_iPad = "UIInterfaceOrientationPortrait UIInterfaceOrientationPortraitUpsideDown UIInterfaceOrientationLandscapeLeft UIInterfaceOrientationLandscapeRight";
				INFOPLIST_KEY_UISupportedInterfaceOrientations_iPhone = "UIInterfaceOrientationPortrait UIInterfaceOrientationLandscapeLeft UIInterfaceOrientationLandscapeRight";
				LD_RUNPATH_SEARCH_PATHS = (
					"$(inherited)",
					"@executable_path/Frameworks",
				);
				MARKETING_VERSION = 1.0;
				PRODUCT_BUNDLE_IDENTIFIER = "mine.R-R";
				PRODUCT_NAME = "$(TARGET_NAME)";
				SWIFT_EMIT_LOC_STRINGS = YES;
				SWIFT_VERSION = 5.0;
				TARGETED_DEVICE_FAMILY = "1,2";
			};
			name = Release;
		};
		48D771A32B72AA25000F2986 /* Debug */ = {
			isa = XCBuildConfiguration;
			buildSettings = {
				ALWAYS_EMBED_SWIFT_STANDARD_LIBRARIES = YES;
				BUNDLE_LOADER = "$(TEST_HOST)";
				CODE_SIGN_STYLE = Automatic;
				CURRENT_PROJECT_VERSION = 1;
				DEVELOPMENT_TEAM = 48Y23HRY8Y;
				GENERATE_INFOPLIST_FILE = YES;
				IPHONEOS_DEPLOYMENT_TARGET = 17.2;
				MARKETING_VERSION = 1.0;
				PRODUCT_BUNDLE_IDENTIFIER = "mine.R-RTests";
				PRODUCT_NAME = "$(TARGET_NAME)";
				SWIFT_EMIT_LOC_STRINGS = NO;
				SWIFT_VERSION = 5.0;
				TARGETED_DEVICE_FAMILY = "1,2";
				TEST_HOST = "$(BUILT_PRODUCTS_DIR)/R&R.app/$(BUNDLE_EXECUTABLE_FOLDER_PATH)/R&R";
			};
			name = Debug;
		};
		48D771A42B72AA25000F2986 /* Release */ = {
			isa = XCBuildConfiguration;
			buildSettings = {
				ALWAYS_EMBED_SWIFT_STANDARD_LIBRARIES = YES;
				BUNDLE_LOADER = "$(TEST_HOST)";
				CODE_SIGN_STYLE = Automatic;
				CURRENT_PROJECT_VERSION = 1;
				DEVELOPMENT_TEAM = 48Y23HRY8Y;
				GENERATE_INFOPLIST_FILE = YES;
				IPHONEOS_DEPLOYMENT_TARGET = 17.2;
				MARKETING_VERSION = 1.0;
				PRODUCT_BUNDLE_IDENTIFIER = "mine.R-RTests";
				PRODUCT_NAME = "$(TARGET_NAME)";
				SWIFT_EMIT_LOC_STRINGS = NO;
				SWIFT_VERSION = 5.0;
				TARGETED_DEVICE_FAMILY = "1,2";
				TEST_HOST = "$(BUILT_PRODUCTS_DIR)/R&R.app/$(BUNDLE_EXECUTABLE_FOLDER_PATH)/R&R";
			};
			name = Release;
		};
		48D771A62B72AA25000F2986 /* Debug */ = {
			isa = XCBuildConfiguration;
			buildSettings = {
				ALWAYS_EMBED_SWIFT_STANDARD_LIBRARIES = YES;
				CODE_SIGN_STYLE = Automatic;
				CURRENT_PROJECT_VERSION = 1;
				DEVELOPMENT_TEAM = 48Y23HRY8Y;
				GENERATE_INFOPLIST_FILE = YES;
				MARKETING_VERSION = 1.0;
				PRODUCT_BUNDLE_IDENTIFIER = "mine.R-RUITests";
				PRODUCT_NAME = "$(TARGET_NAME)";
				SWIFT_EMIT_LOC_STRINGS = NO;
				SWIFT_VERSION = 5.0;
				TARGETED_DEVICE_FAMILY = "1,2";
				TEST_TARGET_NAME = "R&R";
			};
			name = Debug;
		};
		48D771A72B72AA25000F2986 /* Release */ = {
			isa = XCBuildConfiguration;
			buildSettings = {
				ALWAYS_EMBED_SWIFT_STANDARD_LIBRARIES = YES;
				CODE_SIGN_STYLE = Automatic;
				CURRENT_PROJECT_VERSION = 1;
				DEVELOPMENT_TEAM = 48Y23HRY8Y;
				GENERATE_INFOPLIST_FILE = YES;
				MARKETING_VERSION = 1.0;
				PRODUCT_BUNDLE_IDENTIFIER = "mine.R-RUITests";
				PRODUCT_NAME = "$(TARGET_NAME)";
				SWIFT_EMIT_LOC_STRINGS = NO;
				SWIFT_VERSION = 5.0;
				TARGETED_DEVICE_FAMILY = "1,2";
				TEST_TARGET_NAME = "R&R";
			};
			name = Release;
		};
/* End XCBuildConfiguration section */

/* Begin XCConfigurationList section */
		48D771712B72AA24000F2986 /* Build configuration list for PBXProject "R&R" */ = {
			isa = XCConfigurationList;
			buildConfigurations = (
				48D7719D2B72AA25000F2986 /* Debug */,
				48D7719E2B72AA25000F2986 /* Release */,
			);
			defaultConfigurationIsVisible = 0;
			defaultConfigurationName = Release;
		};
		48D7719F2B72AA25000F2986 /* Build configuration list for PBXNativeTarget "R&R" */ = {
			isa = XCConfigurationList;
			buildConfigurations = (
				48D771A02B72AA25000F2986 /* Debug */,
				48D771A12B72AA25000F2986 /* Release */,
			);
			defaultConfigurationIsVisible = 0;
			defaultConfigurationName = Release;
		};
		48D771A22B72AA25000F2986 /* Build configuration list for PBXNativeTarget "R&RTests" */ = {
			isa = XCConfigurationList;
			buildConfigurations = (
				48D771A32B72AA25000F2986 /* Debug */,
				48D771A42B72AA25000F2986 /* Release */,
			);
			defaultConfigurationIsVisible = 0;
			defaultConfigurationName = Release;
		};
		48D771A52B72AA25000F2986 /* Build configuration list for PBXNativeTarget "R&RUITests" */ = {
			isa = XCConfigurationList;
			buildConfigurations = (
				48D771A62B72AA25000F2986 /* Debug */,
				48D771A72B72AA25000F2986 /* Release */,
			);
			defaultConfigurationIsVisible = 0;
			defaultConfigurationName = Release;
		};
/* End XCConfigurationList section */

/* Begin XCVersionGroup section */
		48D771842B72AA25000F2986 /* R_R.xcdatamodeld */ = {
			isa = XCVersionGroup;
			children = (
				48D771852B72AA25000F2986 /* R_R.xcdatamodel */,
			);
			currentVersion = 48D771852B72AA25000F2986 /* R_R.xcdatamodel */;
			path = R_R.xcdatamodeld;
			sourceTree = "<group>";
			versionGroupType = wrapper.xcdatamodel;
		};
/* End XCVersionGroup section */
	};
	rootObject = 48D7716E2B72AA24000F2986 /* Project object */;
}
