// !$*UTF8*$!
{
	archiveVersion = 1;
	classes = {
	};
	objectVersion = 56;
	objects = {

/* Begin PBXBuildFile section */
		48DC3C192B40669C0054FD52 /* R_R_iOS_AppApp.swift in Sources */ = {isa = PBXBuildFile; fileRef = 48DC3C182B40669C0054FD52 /* R_R_iOS_AppApp.swift */; };
		48DC3C1B2B40669C0054FD52 /* ContentView.swift in Sources */ = {isa = PBXBuildFile; fileRef = 48DC3C1A2B40669C0054FD52 /* ContentView.swift */; };
		48DC3C1D2B40669D0054FD52 /* Assets.xcassets in Resources */ = {isa = PBXBuildFile; fileRef = 48DC3C1C2B40669D0054FD52 /* Assets.xcassets */; };
		48DC3C202B40669D0054FD52 /* Preview Assets.xcassets in Resources */ = {isa = PBXBuildFile; fileRef = 48DC3C1F2B40669D0054FD52 /* Preview Assets.xcassets */; };
		48DC3C222B40669D0054FD52 /* Persistence.swift in Sources */ = {isa = PBXBuildFile; fileRef = 48DC3C212B40669D0054FD52 /* Persistence.swift */; };
		48DC3C252B40669D0054FD52 /* R_R_iOS_App.xcdatamodeld in Sources */ = {isa = PBXBuildFile; fileRef = 48DC3C232B40669D0054FD52 /* R_R_iOS_App.xcdatamodeld */; };
		48DC3C312B40669D0054FD52 /* R_R_iOS_AppTests.swift in Sources */ = {isa = PBXBuildFile; fileRef = 48DC3C302B40669D0054FD52 /* R_R_iOS_AppTests.swift */; };
		48DC3C3B2B40669D0054FD52 /* R_R_iOS_AppUITests.swift in Sources */ = {isa = PBXBuildFile; fileRef = 48DC3C3A2B40669D0054FD52 /* R_R_iOS_AppUITests.swift */; };
		48DC3C3D2B40669D0054FD52 /* R_R_iOS_AppUITestsLaunchTests.swift in Sources */ = {isa = PBXBuildFile; fileRef = 48DC3C3C2B40669D0054FD52 /* R_R_iOS_AppUITestsLaunchTests.swift */; };
/* End PBXBuildFile section */

/* Begin PBXContainerItemProxy section */
		48DC3C2D2B40669D0054FD52 /* PBXContainerItemProxy */ = {
			isa = PBXContainerItemProxy;
			containerPortal = 48DC3C0D2B40669C0054FD52 /* Project object */;
			proxyType = 1;
			remoteGlobalIDString = 48DC3C142B40669C0054FD52;
			remoteInfo = "R&R iOS App";
		};
		48DC3C372B40669D0054FD52 /* PBXContainerItemProxy */ = {
			isa = PBXContainerItemProxy;
			containerPortal = 48DC3C0D2B40669C0054FD52 /* Project object */;
			proxyType = 1;
			remoteGlobalIDString = 48DC3C142B40669C0054FD52;
			remoteInfo = "R&R iOS App";
		};
/* End PBXContainerItemProxy section */

/* Begin PBXFileReference section */
		48DC3C152B40669C0054FD52 /* R&R iOS App.app */ = {isa = PBXFileReference; explicitFileType = wrapper.application; includeInIndex = 0; path = "R&R iOS App.app"; sourceTree = BUILT_PRODUCTS_DIR; };
		48DC3C182B40669C0054FD52 /* R_R_iOS_AppApp.swift */ = {isa = PBXFileReference; lastKnownFileType = sourcecode.swift; path = R_R_iOS_AppApp.swift; sourceTree = "<group>"; };
		48DC3C1A2B40669C0054FD52 /* ContentView.swift */ = {isa = PBXFileReference; lastKnownFileType = sourcecode.swift; path = ContentView.swift; sourceTree = "<group>"; };
		48DC3C1C2B40669D0054FD52 /* Assets.xcassets */ = {isa = PBXFileReference; lastKnownFileType = folder.assetcatalog; path = Assets.xcassets; sourceTree = "<group>"; };
		48DC3C1F2B40669D0054FD52 /* Preview Assets.xcassets */ = {isa = PBXFileReference; lastKnownFileType = folder.assetcatalog; path = "Preview Assets.xcassets"; sourceTree = "<group>"; };
		48DC3C212B40669D0054FD52 /* Persistence.swift */ = {isa = PBXFileReference; lastKnownFileType = sourcecode.swift; path = Persistence.swift; sourceTree = "<group>"; };
		48DC3C242B40669D0054FD52 /* R_R_iOS_App.xcdatamodel */ = {isa = PBXFileReference; lastKnownFileType = wrapper.xcdatamodel; path = R_R_iOS_App.xcdatamodel; sourceTree = "<group>"; };
		48DC3C262B40669D0054FD52 /* R_R_iOS_App.entitlements */ = {isa = PBXFileReference; lastKnownFileType = text.plist.entitlements; path = R_R_iOS_App.entitlements; sourceTree = "<group>"; };
		48DC3C272B40669D0054FD52 /* Info.plist */ = {isa = PBXFileReference; lastKnownFileType = text.plist.xml; path = Info.plist; sourceTree = "<group>"; };
		48DC3C2C2B40669D0054FD52 /* R&R iOS AppTests.xctest */ = {isa = PBXFileReference; explicitFileType = wrapper.cfbundle; includeInIndex = 0; path = "R&R iOS AppTests.xctest"; sourceTree = BUILT_PRODUCTS_DIR; };
		48DC3C302B40669D0054FD52 /* R_R_iOS_AppTests.swift */ = {isa = PBXFileReference; lastKnownFileType = sourcecode.swift; path = R_R_iOS_AppTests.swift; sourceTree = "<group>"; };
		48DC3C362B40669D0054FD52 /* R&R iOS AppUITests.xctest */ = {isa = PBXFileReference; explicitFileType = wrapper.cfbundle; includeInIndex = 0; path = "R&R iOS AppUITests.xctest"; sourceTree = BUILT_PRODUCTS_DIR; };
		48DC3C3A2B40669D0054FD52 /* R_R_iOS_AppUITests.swift */ = {isa = PBXFileReference; lastKnownFileType = sourcecode.swift; path = R_R_iOS_AppUITests.swift; sourceTree = "<group>"; };
		48DC3C3C2B40669D0054FD52 /* R_R_iOS_AppUITestsLaunchTests.swift */ = {isa = PBXFileReference; lastKnownFileType = sourcecode.swift; path = R_R_iOS_AppUITestsLaunchTests.swift; sourceTree = "<group>"; };
/* End PBXFileReference section */

/* Begin PBXFrameworksBuildPhase section */
		48DC3C122B40669C0054FD52 /* Frameworks */ = {
			isa = PBXFrameworksBuildPhase;
			buildActionMask = 2147483647;
			files = (
			);
			runOnlyForDeploymentPostprocessing = 0;
		};
		48DC3C292B40669D0054FD52 /* Frameworks */ = {
			isa = PBXFrameworksBuildPhase;
			buildActionMask = 2147483647;
			files = (
			);
			runOnlyForDeploymentPostprocessing = 0;
		};
		48DC3C332B40669D0054FD52 /* Frameworks */ = {
			isa = PBXFrameworksBuildPhase;
			buildActionMask = 2147483647;
			files = (
			);
			runOnlyForDeploymentPostprocessing = 0;
		};
/* End PBXFrameworksBuildPhase section */

/* Begin PBXGroup section */
		48DC3C0C2B40669C0054FD52 = {
			isa = PBXGroup;
			children = (
				48DC3C172B40669C0054FD52 /* R&R iOS App */,
				48DC3C2F2B40669D0054FD52 /* R&R iOS AppTests */,
				48DC3C392B40669D0054FD52 /* R&R iOS AppUITests */,
				48DC3C162B40669C0054FD52 /* Products */,
			);
			sourceTree = "<group>";
		};
		48DC3C162B40669C0054FD52 /* Products */ = {
			isa = PBXGroup;
			children = (
				48DC3C152B40669C0054FD52 /* R&R iOS App.app */,
				48DC3C2C2B40669D0054FD52 /* R&R iOS AppTests.xctest */,
				48DC3C362B40669D0054FD52 /* R&R iOS AppUITests.xctest */,
			);
			name = Products;
			sourceTree = "<group>";
		};
		48DC3C172B40669C0054FD52 /* R&R iOS App */ = {
			isa = PBXGroup;
			children = (
				48DC3C182B40669C0054FD52 /* R_R_iOS_AppApp.swift */,
				48DC3C1A2B40669C0054FD52 /* ContentView.swift */,
				48DC3C1C2B40669D0054FD52 /* Assets.xcassets */,
				48DC3C212B40669D0054FD52 /* Persistence.swift */,
				48DC3C262B40669D0054FD52 /* R_R_iOS_App.entitlements */,
				48DC3C272B40669D0054FD52 /* Info.plist */,
				48DC3C232B40669D0054FD52 /* R_R_iOS_App.xcdatamodeld */,
				48DC3C1E2B40669D0054FD52 /* Preview Content */,
			);
			path = "R&R iOS App";
			sourceTree = "<group>";
		};
		48DC3C1E2B40669D0054FD52 /* Preview Content */ = {
			isa = PBXGroup;
			children = (
				48DC3C1F2B40669D0054FD52 /* Preview Assets.xcassets */,
			);
			path = "Preview Content";
			sourceTree = "<group>";
		};
		48DC3C2F2B40669D0054FD52 /* R&R iOS AppTests */ = {
			isa = PBXGroup;
			children = (
				48DC3C302B40669D0054FD52 /* R_R_iOS_AppTests.swift */,
			);
			path = "R&R iOS AppTests";
			sourceTree = "<group>";
		};
		48DC3C392B40669D0054FD52 /* R&R iOS AppUITests */ = {
			isa = PBXGroup;
			children = (
				48DC3C3A2B40669D0054FD52 /* R_R_iOS_AppUITests.swift */,
				48DC3C3C2B40669D0054FD52 /* R_R_iOS_AppUITestsLaunchTests.swift */,
			);
			path = "R&R iOS AppUITests";
			sourceTree = "<group>";
		};
/* End PBXGroup section */

/* Begin PBXNativeTarget section */
		48DC3C142B40669C0054FD52 /* R&R iOS App */ = {
			isa = PBXNativeTarget;
			buildConfigurationList = 48DC3C402B40669D0054FD52 /* Build configuration list for PBXNativeTarget "R&R iOS App" */;
			buildPhases = (
				48DC3C112B40669C0054FD52 /* Sources */,
				48DC3C122B40669C0054FD52 /* Frameworks */,
				48DC3C132B40669C0054FD52 /* Resources */,
			);
			buildRules = (
			);
			dependencies = (
			);
			name = "R&R iOS App";
			productName = "R&R iOS App";
			productReference = 48DC3C152B40669C0054FD52 /* R&R iOS App.app */;
			productType = "com.apple.product-type.application";
		};
		48DC3C2B2B40669D0054FD52 /* R&R iOS AppTests */ = {
			isa = PBXNativeTarget;
			buildConfigurationList = 48DC3C432B40669D0054FD52 /* Build configuration list for PBXNativeTarget "R&R iOS AppTests" */;
			buildPhases = (
				48DC3C282B40669D0054FD52 /* Sources */,
				48DC3C292B40669D0054FD52 /* Frameworks */,
				48DC3C2A2B40669D0054FD52 /* Resources */,
			);
			buildRules = (
			);
			dependencies = (
				48DC3C2E2B40669D0054FD52 /* PBXTargetDependency */,
			);
			name = "R&R iOS AppTests";
			productName = "R&R iOS AppTests";
			productReference = 48DC3C2C2B40669D0054FD52 /* R&R iOS AppTests.xctest */;
			productType = "com.apple.product-type.bundle.unit-test";
		};
		48DC3C352B40669D0054FD52 /* R&R iOS AppUITests */ = {
			isa = PBXNativeTarget;
			buildConfigurationList = 48DC3C462B40669D0054FD52 /* Build configuration list for PBXNativeTarget "R&R iOS AppUITests" */;
			buildPhases = (
				48DC3C322B40669D0054FD52 /* Sources */,
				48DC3C332B40669D0054FD52 /* Frameworks */,
				48DC3C342B40669D0054FD52 /* Resources */,
			);
			buildRules = (
			);
			dependencies = (
				48DC3C382B40669D0054FD52 /* PBXTargetDependency */,
			);
			name = "R&R iOS AppUITests";
			productName = "R&R iOS AppUITests";
			productReference = 48DC3C362B40669D0054FD52 /* R&R iOS AppUITests.xctest */;
			productType = "com.apple.product-type.bundle.ui-testing";
		};
/* End PBXNativeTarget section */

/* Begin PBXProject section */
		48DC3C0D2B40669C0054FD52 /* Project object */ = {
			isa = PBXProject;
			attributes = {
				BuildIndependentTargetsInParallel = 1;
				LastSwiftUpdateCheck = 1510;
				LastUpgradeCheck = 1510;
				TargetAttributes = {
					48DC3C142B40669C0054FD52 = {
						CreatedOnToolsVersion = 15.1;
					};
					48DC3C2B2B40669D0054FD52 = {
						CreatedOnToolsVersion = 15.1;
						TestTargetID = 48DC3C142B40669C0054FD52;
					};
					48DC3C352B40669D0054FD52 = {
						CreatedOnToolsVersion = 15.1;
						TestTargetID = 48DC3C142B40669C0054FD52;
					};
				};
			};
			buildConfigurationList = 48DC3C102B40669C0054FD52 /* Build configuration list for PBXProject "R&R iOS App" */;
			compatibilityVersion = "Xcode 14.0";
			developmentRegion = en;
			hasScannedForEncodings = 0;
			knownRegions = (
				en,
				Base,
			);
			mainGroup = 48DC3C0C2B40669C0054FD52;
			productRefGroup = 48DC3C162B40669C0054FD52 /* Products */;
			projectDirPath = "";
			projectRoot = "";
			targets = (
				48DC3C142B40669C0054FD52 /* R&R iOS App */,
				48DC3C2B2B40669D0054FD52 /* R&R iOS AppTests */,
				48DC3C352B40669D0054FD52 /* R&R iOS AppUITests */,
			);
		};
/* End PBXProject section */

/* Begin PBXResourcesBuildPhase section */
		48DC3C132B40669C0054FD52 /* Resources */ = {
			isa = PBXResourcesBuildPhase;
			buildActionMask = 2147483647;
			files = (
				48DC3C202B40669D0054FD52 /* Preview Assets.xcassets in Resources */,
				48DC3C1D2B40669D0054FD52 /* Assets.xcassets in Resources */,
			);
			runOnlyForDeploymentPostprocessing = 0;
		};
		48DC3C2A2B40669D0054FD52 /* Resources */ = {
			isa = PBXResourcesBuildPhase;
			buildActionMask = 2147483647;
			files = (
			);
			runOnlyForDeploymentPostprocessing = 0;
		};
		48DC3C342B40669D0054FD52 /* Resources */ = {
			isa = PBXResourcesBuildPhase;
			buildActionMask = 2147483647;
			files = (
			);
			runOnlyForDeploymentPostprocessing = 0;
		};
/* End PBXResourcesBuildPhase section */

/* Begin PBXSourcesBuildPhase section */
		48DC3C112B40669C0054FD52 /* Sources */ = {
			isa = PBXSourcesBuildPhase;
			buildActionMask = 2147483647;
			files = (
				48DC3C222B40669D0054FD52 /* Persistence.swift in Sources */,
				48DC3C252B40669D0054FD52 /* R_R_iOS_App.xcdatamodeld in Sources */,
				48DC3C1B2B40669C0054FD52 /* ContentView.swift in Sources */,
				48DC3C192B40669C0054FD52 /* R_R_iOS_AppApp.swift in Sources */,
			);
			runOnlyForDeploymentPostprocessing = 0;
		};
		48DC3C282B40669D0054FD52 /* Sources */ = {
			isa = PBXSourcesBuildPhase;
			buildActionMask = 2147483647;
			files = (
				48DC3C312B40669D0054FD52 /* R_R_iOS_AppTests.swift in Sources */,
			);
			runOnlyForDeploymentPostprocessing = 0;
		};
		48DC3C322B40669D0054FD52 /* Sources */ = {
			isa = PBXSourcesBuildPhase;
			buildActionMask = 2147483647;
			files = (
				48DC3C3D2B40669D0054FD52 /* R_R_iOS_AppUITestsLaunchTests.swift in Sources */,
				48DC3C3B2B40669D0054FD52 /* R_R_iOS_AppUITests.swift in Sources */,
			);
			runOnlyForDeploymentPostprocessing = 0;
		};
/* End PBXSourcesBuildPhase section */

/* Begin PBXTargetDependency section */
		48DC3C2E2B40669D0054FD52 /* PBXTargetDependency */ = {
			isa = PBXTargetDependency;
			target = 48DC3C142B40669C0054FD52 /* R&R iOS App */;
			targetProxy = 48DC3C2D2B40669D0054FD52 /* PBXContainerItemProxy */;
		};
		48DC3C382B40669D0054FD52 /* PBXTargetDependency */ = {
			isa = PBXTargetDependency;
			target = 48DC3C142B40669C0054FD52 /* R&R iOS App */;
			targetProxy = 48DC3C372B40669D0054FD52 /* PBXContainerItemProxy */;
		};
/* End PBXTargetDependency section */

/* Begin XCBuildConfiguration section */
		48DC3C3E2B40669D0054FD52 /* Debug */ = {
			isa = XCBuildConfiguration;
			buildSettings = {
				ALWAYS_SEARCH_USER_PATHS = NO;
				ASSETCATALOG_COMPILER_GENERATE_SWIFT_ASSET_SYMBOL_EXTENSIONS = YES;
				CLANG_ANALYZER_NONNULL = YES;
				CLANG_ANALYZER_NUMBER_OBJECT_CONVERSION = YES_AGGRESSIVE;
				CLANG_CXX_LANGUAGE_STANDARD = "gnu++20";
				CLANG_ENABLE_MODULES = YES;
				CLANG_ENABLE_OBJC_ARC = YES;
				CLANG_ENABLE_OBJC_WEAK = YES;
				CLANG_WARN_BLOCK_CAPTURE_AUTORELEASING = YES;
				CLANG_WARN_BOOL_CONVERSION = YES;
				CLANG_WARN_COMMA = YES;
				CLANG_WARN_CONSTANT_CONVERSION = YES;
				CLANG_WARN_DEPRECATED_OBJC_IMPLEMENTATIONS = YES;
				CLANG_WARN_DIRECT_OBJC_ISA_USAGE = YES_ERROR;
				CLANG_WARN_DOCUMENTATION_COMMENTS = YES;
				CLANG_WARN_EMPTY_BODY = YES;
				CLANG_WARN_ENUM_CONVERSION = YES;
				CLANG_WARN_INFINITE_RECURSION = YES;
				CLANG_WARN_INT_CONVERSION = YES;
				CLANG_WARN_NON_LITERAL_NULL_CONVERSION = YES;
				CLANG_WARN_OBJC_IMPLICIT_RETAIN_SELF = YES;
				CLANG_WARN_OBJC_LITERAL_CONVERSION = YES;
				CLANG_WARN_OBJC_ROOT_CLASS = YES_ERROR;
				CLANG_WARN_QUOTED_INCLUDE_IN_FRAMEWORK_HEADER = YES;
				CLANG_WARN_RANGE_LOOP_ANALYSIS = YES;
				CLANG_WARN_STRICT_PROTOTYPES = YES;
				CLANG_WARN_SUSPICIOUS_MOVE = YES;
				CLANG_WARN_UNGUARDED_AVAILABILITY = YES_AGGRESSIVE;
				CLANG_WARN_UNREACHABLE_CODE = YES;
				CLANG_WARN__DUPLICATE_METHOD_MATCH = YES;
				COPY_PHASE_STRIP = NO;
				DEBUG_INFORMATION_FORMAT = dwarf;
				ENABLE_STRICT_OBJC_MSGSEND = YES;
				ENABLE_TESTABILITY = YES;
				ENABLE_USER_SCRIPT_SANDBOXING = YES;
				GCC_C_LANGUAGE_STANDARD = gnu17;
				GCC_DYNAMIC_NO_PIC = NO;
				GCC_NO_COMMON_BLOCKS = YES;
				GCC_OPTIMIZATION_LEVEL = 0;
				GCC_PREPROCESSOR_DEFINITIONS = (
					"DEBUG=1",
					"$(inherited)",
				);
				GCC_WARN_64_TO_32_BIT_CONVERSION = YES;
				GCC_WARN_ABOUT_RETURN_TYPE = YES_ERROR;
				GCC_WARN_UNDECLARED_SELECTOR = YES;
				GCC_WARN_UNINITIALIZED_AUTOS = YES_AGGRESSIVE;
				GCC_WARN_UNUSED_FUNCTION = YES;
				GCC_WARN_UNUSED_VARIABLE = YES;
				IPHONEOS_DEPLOYMENT_TARGET = 17.2;
				LOCALIZATION_PREFERS_STRING_CATALOGS = YES;
				MTL_ENABLE_DEBUG_INFO = INCLUDE_SOURCE;
				MTL_FAST_MATH = YES;
				ONLY_ACTIVE_ARCH = YES;
				SDKROOT = iphoneos;
				SWIFT_ACTIVE_COMPILATION_CONDITIONS = "DEBUG $(inherited)";
				SWIFT_OPTIMIZATION_LEVEL = "-Onone";
			};
			name = Debug;
		};
		48DC3C3F2B40669D0054FD52 /* Release */ = {
			isa = XCBuildConfiguration;
			buildSettings = {
				ALWAYS_SEARCH_USER_PATHS = NO;
				ASSETCATALOG_COMPILER_GENERATE_SWIFT_ASSET_SYMBOL_EXTENSIONS = YES;
				CLANG_ANALYZER_NONNULL = YES;
				CLANG_ANALYZER_NUMBER_OBJECT_CONVERSION = YES_AGGRESSIVE;
				CLANG_CXX_LANGUAGE_STANDARD = "gnu++20";
				CLANG_ENABLE_MODULES = YES;
				CLANG_ENABLE_OBJC_ARC = YES;
				CLANG_ENABLE_OBJC_WEAK = YES;
				CLANG_WARN_BLOCK_CAPTURE_AUTORELEASING = YES;
				CLANG_WARN_BOOL_CONVERSION = YES;
				CLANG_WARN_COMMA = YES;
				CLANG_WARN_CONSTANT_CONVERSION = YES;
				CLANG_WARN_DEPRECATED_OBJC_IMPLEMENTATIONS = YES;
				CLANG_WARN_DIRECT_OBJC_ISA_USAGE = YES_ERROR;
				CLANG_WARN_DOCUMENTATION_COMMENTS = YES;
				CLANG_WARN_EMPTY_BODY = YES;
				CLANG_WARN_ENUM_CONVERSION = YES;
				CLANG_WARN_INFINITE_RECURSION = YES;
				CLANG_WARN_INT_CONVERSION = YES;
				CLANG_WARN_NON_LITERAL_NULL_CONVERSION = YES;
				CLANG_WARN_OBJC_IMPLICIT_RETAIN_SELF = YES;
				CLANG_WARN_OBJC_LITERAL_CONVERSION = YES;
				CLANG_WARN_OBJC_ROOT_CLASS = YES_ERROR;
				CLANG_WARN_QUOTED_INCLUDE_IN_FRAMEWORK_HEADER = YES;
				CLANG_WARN_RANGE_LOOP_ANALYSIS = YES;
				CLANG_WARN_STRICT_PROTOTYPES = YES;
				CLANG_WARN_SUSPICIOUS_MOVE = YES;
				CLANG_WARN_UNGUARDED_AVAILABILITY = YES_AGGRESSIVE;
				CLANG_WARN_UNREACHABLE_CODE = YES;
				CLANG_WARN__DUPLICATE_METHOD_MATCH = YES;
				COPY_PHASE_STRIP = NO;
				DEBUG_INFORMATION_FORMAT = "dwarf-with-dsym";
				ENABLE_NS_ASSERTIONS = NO;
				ENABLE_STRICT_OBJC_MSGSEND = YES;
				ENABLE_USER_SCRIPT_SANDBOXING = YES;
				GCC_C_LANGUAGE_STANDARD = gnu17;
				GCC_NO_COMMON_BLOCKS = YES;
				GCC_WARN_64_TO_32_BIT_CONVERSION = YES;
				GCC_WARN_ABOUT_RETURN_TYPE = YES_ERROR;
				GCC_WARN_UNDECLARED_SELECTOR = YES;
				GCC_WARN_UNINITIALIZED_AUTOS = YES_AGGRESSIVE;
				GCC_WARN_UNUSED_FUNCTION = YES;
				GCC_WARN_UNUSED_VARIABLE = YES;
				IPHONEOS_DEPLOYMENT_TARGET = 17.2;
				LOCALIZATION_PREFERS_STRING_CATALOGS = YES;
				MTL_ENABLE_DEBUG_INFO = NO;
				MTL_FAST_MATH = YES;
				SDKROOT = iphoneos;
				SWIFT_COMPILATION_MODE = wholemodule;
				VALIDATE_PRODUCT = YES;
			};
			name = Release;
		};
		48DC3C412B40669D0054FD52 /* Debug */ = {
			isa = XCBuildConfiguration;
			buildSettings = {
				ASSETCATALOG_COMPILER_APPICON_NAME = AppIcon;
				ASSETCATALOG_COMPILER_GLOBAL_ACCENT_COLOR_NAME = AccentColor;
				CODE_SIGN_ENTITLEMENTS = "R&R iOS App/R_R_iOS_App.entitlements";
				CODE_SIGN_STYLE = Automatic;
				CURRENT_PROJECT_VERSION = 1;
				DEVELOPMENT_ASSET_PATHS = "\"R&R iOS App/Preview Content\"";
				DEVELOPMENT_TEAM = 48Y23HRY8Y;
				ENABLE_PREVIEWS = YES;
				GENERATE_INFOPLIST_FILE = YES;
				INFOPLIST_FILE = "R&R iOS App/Info.plist";
				INFOPLIST_KEY_UIApplicationSceneManifest_Generation = YES;
				INFOPLIST_KEY_UIApplicationSupportsIndirectInputEvents = YES;
				INFOPLIST_KEY_UILaunchScreen_Generation = YES;
				INFOPLIST_KEY_UISupportedInterfaceOrientations_iPad = "UIInterfaceOrientationPortrait UIInterfaceOrientationPortraitUpsideDown UIInterfaceOrientationLandscapeLeft UIInterfaceOrientationLandscapeRight";
				INFOPLIST_KEY_UISupportedInterfaceOrientations_iPhone = "UIInterfaceOrientationPortrait UIInterfaceOrientationLandscapeLeft UIInterfaceOrientationLandscapeRight";
				LD_RUNPATH_SEARCH_PATHS = (
					"$(inherited)",
					"@executable_path/Frameworks",
				);
				MARKETING_VERSION = 1.0;
				PRODUCT_BUNDLE_IDENTIFIER = "mine.R-R-iOS-App";
				PRODUCT_NAME = "$(TARGET_NAME)";
				SWIFT_EMIT_LOC_STRINGS = YES;
				SWIFT_VERSION = 5.0;
				TARGETED_DEVICE_FAMILY = "1,2";
			};
			name = Debug;
		};
		48DC3C422B40669D0054FD52 /* Release */ = {
			isa = XCBuildConfiguration;
			buildSettings = {
				ASSETCATALOG_COMPILER_APPICON_NAME = AppIcon;
				ASSETCATALOG_COMPILER_GLOBAL_ACCENT_COLOR_NAME = AccentColor;
				CODE_SIGN_ENTITLEMENTS = "R&R iOS App/R_R_iOS_App.entitlements";
				CODE_SIGN_STYLE = Automatic;
				CURRENT_PROJECT_VERSION = 1;
				DEVELOPMENT_ASSET_PATHS = "\"R&R iOS App/Preview Content\"";
				DEVELOPMENT_TEAM = 48Y23HRY8Y;
				ENABLE_PREVIEWS = YES;
				GENERATE_INFOPLIST_FILE = YES;
				INFOPLIST_FILE = "R&R iOS App/Info.plist";
				INFOPLIST_KEY_UIApplicationSceneManifest_Generation = YES;
				INFOPLIST_KEY_UIApplicationSupportsIndirectInputEvents = YES;
				INFOPLIST_KEY_UILaunchScreen_Generation = YES;
				INFOPLIST_KEY_UISupportedInterfaceOrientations_iPad = "UIInterfaceOrientationPortrait UIInterfaceOrientationPortraitUpsideDown UIInterfaceOrientationLandscapeLeft UIInterfaceOrientationLandscapeRight";
				INFOPLIST_KEY_UISupportedInterfaceOrientations_iPhone = "UIInterfaceOrientationPortrait UIInterfaceOrientationLandscapeLeft UIInterfaceOrientationLandscapeRight";
				LD_RUNPATH_SEARCH_PATHS = (
					"$(inherited)",
					"@executable_path/Frameworks",
				);
				MARKETING_VERSION = 1.0;
				PRODUCT_BUNDLE_IDENTIFIER = "mine.R-R-iOS-App";
				PRODUCT_NAME = "$(TARGET_NAME)";
				SWIFT_EMIT_LOC_STRINGS = YES;
				SWIFT_VERSION = 5.0;
				TARGETED_DEVICE_FAMILY = "1,2";
			};
			name = Release;
		};
		48DC3C442B40669D0054FD52 /* Debug */ = {
			isa = XCBuildConfiguration;
			buildSettings = {
				ALWAYS_EMBED_SWIFT_STANDARD_LIBRARIES = YES;
				BUNDLE_LOADER = "$(TEST_HOST)";
				CODE_SIGN_STYLE = Automatic;
				CURRENT_PROJECT_VERSION = 1;
				DEVELOPMENT_TEAM = 48Y23HRY8Y;
				GENERATE_INFOPLIST_FILE = YES;
				IPHONEOS_DEPLOYMENT_TARGET = 17.2;
				MARKETING_VERSION = 1.0;
				PRODUCT_BUNDLE_IDENTIFIER = "mine.R-R-iOS-AppTests";
				PRODUCT_NAME = "$(TARGET_NAME)";
				SWIFT_EMIT_LOC_STRINGS = NO;
				SWIFT_VERSION = 5.0;
				TARGETED_DEVICE_FAMILY = "1,2";
				TEST_HOST = "$(BUILT_PRODUCTS_DIR)/R&R iOS App.app/$(BUNDLE_EXECUTABLE_FOLDER_PATH)/R&R iOS App";
			};
			name = Debug;
		};
		48DC3C452B40669D0054FD52 /* Release */ = {
			isa = XCBuildConfiguration;
			buildSettings = {
				ALWAYS_EMBED_SWIFT_STANDARD_LIBRARIES = YES;
				BUNDLE_LOADER = "$(TEST_HOST)";
				CODE_SIGN_STYLE = Automatic;
				CURRENT_PROJECT_VERSION = 1;
				DEVELOPMENT_TEAM = 48Y23HRY8Y;
				GENERATE_INFOPLIST_FILE = YES;
				IPHONEOS_DEPLOYMENT_TARGET = 17.2;
				MARKETING_VERSION = 1.0;
				PRODUCT_BUNDLE_IDENTIFIER = "mine.R-R-iOS-AppTests";
				PRODUCT_NAME = "$(TARGET_NAME)";
				SWIFT_EMIT_LOC_STRINGS = NO;
				SWIFT_VERSION = 5.0;
				TARGETED_DEVICE_FAMILY = "1,2";
				TEST_HOST = "$(BUILT_PRODUCTS_DIR)/R&R iOS App.app/$(BUNDLE_EXECUTABLE_FOLDER_PATH)/R&R iOS App";
			};
			name = Release;
		};
		48DC3C472B40669D0054FD52 /* Debug */ = {
			isa = XCBuildConfiguration;
			buildSettings = {
				ALWAYS_EMBED_SWIFT_STANDARD_LIBRARIES = YES;
				CODE_SIGN_STYLE = Automatic;
				CURRENT_PROJECT_VERSION = 1;
				DEVELOPMENT_TEAM = 48Y23HRY8Y;
				GENERATE_INFOPLIST_FILE = YES;
				MARKETING_VERSION = 1.0;
				PRODUCT_BUNDLE_IDENTIFIER = "mine.R-R-iOS-AppUITests";
				PRODUCT_NAME = "$(TARGET_NAME)";
				SWIFT_EMIT_LOC_STRINGS = NO;
				SWIFT_VERSION = 5.0;
				TARGETED_DEVICE_FAMILY = "1,2";
				TEST_TARGET_NAME = "R&R iOS App";
			};
			name = Debug;
		};
		48DC3C482B40669D0054FD52 /* Release */ = {
			isa = XCBuildConfiguration;
			buildSettings = {
				ALWAYS_EMBED_SWIFT_STANDARD_LIBRARIES = YES;
				CODE_SIGN_STYLE = Automatic;
				CURRENT_PROJECT_VERSION = 1;
				DEVELOPMENT_TEAM = 48Y23HRY8Y;
				GENERATE_INFOPLIST_FILE = YES;
				MARKETING_VERSION = 1.0;
				PRODUCT_BUNDLE_IDENTIFIER = "mine.R-R-iOS-AppUITests";
				PRODUCT_NAME = "$(TARGET_NAME)";
				SWIFT_EMIT_LOC_STRINGS = NO;
				SWIFT_VERSION = 5.0;
				TARGETED_DEVICE_FAMILY = "1,2";
				TEST_TARGET_NAME = "R&R iOS App";
			};
			name = Release;
		};
/* End XCBuildConfiguration section */

/* Begin XCConfigurationList section */
		48DC3C102B40669C0054FD52 /* Build configuration list for PBXProject "R&R iOS App" */ = {
			isa = XCConfigurationList;
			buildConfigurations = (
				48DC3C3E2B40669D0054FD52 /* Debug */,
				48DC3C3F2B40669D0054FD52 /* Release */,
			);
			defaultConfigurationIsVisible = 0;
			defaultConfigurationName = Release;
		};
		48DC3C402B40669D0054FD52 /* Build configuration list for PBXNativeTarget "R&R iOS App" */ = {
			isa = XCConfigurationList;
			buildConfigurations = (
				48DC3C412B40669D0054FD52 /* Debug */,
				48DC3C422B40669D0054FD52 /* Release */,
			);
			defaultConfigurationIsVisible = 0;
			defaultConfigurationName = Release;
		};
		48DC3C432B40669D0054FD52 /* Build configuration list for PBXNativeTarget "R&R iOS AppTests" */ = {
			isa = XCConfigurationList;
			buildConfigurations = (
				48DC3C442B40669D0054FD52 /* Debug */,
				48DC3C452B40669D0054FD52 /* Release */,
			);
			defaultConfigurationIsVisible = 0;
			defaultConfigurationName = Release;
		};
		48DC3C462B40669D0054FD52 /* Build configuration list for PBXNativeTarget "R&R iOS AppUITests" */ = {
			isa = XCConfigurationList;
			buildConfigurations = (
				48DC3C472B40669D0054FD52 /* Debug */,
				48DC3C482B40669D0054FD52 /* Release */,
			);
			defaultConfigurationIsVisible = 0;
			defaultConfigurationName = Release;
		};
/* End XCConfigurationList section */

/* Begin XCVersionGroup section */
		48DC3C232B40669D0054FD52 /* R_R_iOS_App.xcdatamodeld */ = {
			isa = XCVersionGroup;
			children = (
				48DC3C242B40669D0054FD52 /* R_R_iOS_App.xcdatamodel */,
			);
			currentVersion = 48DC3C242B40669D0054FD52 /* R_R_iOS_App.xcdatamodel */;
			path = R_R_iOS_App.xcdatamodeld;
			sourceTree = "<group>";
			versionGroupType = wrapper.xcdatamodel;
		};
/* End XCVersionGroup section */
	};
	rootObject = 48DC3C0D2B40669C0054FD52 /* Project object */;
}
