// !$*UTF8*$!
{
	archiveVersion = 1;
	classes = {
	};
	objectVersion = 56;
	objects = {

/* Begin PBXBuildFile section */
		481BE5862B40CF6D00036E45 /* ProfileView.swift in Sources */ = {isa = PBXBuildFile; fileRef = 481BE5852B40CF6D00036E45 /* ProfileView.swift */; };
		481BE5882B40CF7900036E45 /* AlbumListView.swift in Sources */ = {isa = PBXBuildFile; fileRef = 481BE5872B40CF7900036E45 /* AlbumListView.swift */; };
		481BE58A2B40CF8600036E45 /* NewItemView.swift in Sources */ = {isa = PBXBuildFile; fileRef = 481BE5892B40CF8600036E45 /* NewItemView.swift */; };
		481BE58C2B40CF9300036E45 /* LoginView.swift in Sources */ = {isa = PBXBuildFile; fileRef = 481BE58B2B40CF9300036E45 /* LoginView.swift */; };
		481BE58E2B40CF9F00036E45 /* RegisterView.swift in Sources */ = {isa = PBXBuildFile; fileRef = 481BE58D2B40CF9F00036E45 /* RegisterView.swift */; };
		481BE5902B40CFC400036E45 /* AlbumItemView.swift in Sources */ = {isa = PBXBuildFile; fileRef = 481BE58F2B40CFC400036E45 /* AlbumItemView.swift */; };
		481BE5922B40D03700036E45 /* User.swift in Sources */ = {isa = PBXBuildFile; fileRef = 481BE5912B40D03700036E45 /* User.swift */; };
		481BE5942B40D04000036E45 /* AlbumItem.swift in Sources */ = {isa = PBXBuildFile; fileRef = 481BE5932B40D04000036E45 /* AlbumItem.swift */; };
		481BE5962B40D06E00036E45 /* ContentViewModel.swift in Sources */ = {isa = PBXBuildFile; fileRef = 481BE5952B40D06E00036E45 /* ContentViewModel.swift */; };
		481BE5982B40D07E00036E45 /* ProfileViewModel.swift in Sources */ = {isa = PBXBuildFile; fileRef = 481BE5972B40D07E00036E45 /* ProfileViewModel.swift */; };
		481BE59A2B40D08A00036E45 /* AlbumListViewModel.swift in Sources */ = {isa = PBXBuildFile; fileRef = 481BE5992B40D08A00036E45 /* AlbumListViewModel.swift */; };
		481BE59C2B40D09600036E45 /* NewItemViewModel.swift in Sources */ = {isa = PBXBuildFile; fileRef = 481BE59B2B40D09600036E45 /* NewItemViewModel.swift */; };
		481BE59E2B40D0A400036E45 /* LoginViewModel.swift in Sources */ = {isa = PBXBuildFile; fileRef = 481BE59D2B40D0A400036E45 /* LoginViewModel.swift */; };
		481BE5A02B40D0AE00036E45 /* RegisterViewModel.swift in Sources */ = {isa = PBXBuildFile; fileRef = 481BE59F2B40D0AE00036E45 /* RegisterViewModel.swift */; };
		481BE5A22B40D0BE00036E45 /* AlbumItemViewModel.swift in Sources */ = {isa = PBXBuildFile; fileRef = 481BE5A12B40D0BE00036E45 /* AlbumItemViewModel.swift */; };
		481BE5A62B40D5DF00036E45 /* MainView.swift in Sources */ = {isa = PBXBuildFile; fileRef = 481BE5A52B40D5DF00036E45 /* MainView.swift */; };
		481BE5A82B40D8B100036E45 /* HeaderVeiw.swift in Sources */ = {isa = PBXBuildFile; fileRef = 481BE5A72B40D8B100036E45 /* HeaderVeiw.swift */; };
		481BE5AA2B40DCFF00036E45 /* RRButton.swift in Sources */ = {isa = PBXBuildFile; fileRef = 481BE5A92B40DCFF00036E45 /* RRButton.swift */; };
		481BE5AC2B40E25800036E45 /* MainViewModel.swift in Sources */ = {isa = PBXBuildFile; fileRef = 481BE5AB2B40E25800036E45 /* MainViewModel.swift */; };
		483753AE2B45DA2000386482 /* EditAlbumItemView.swift in Sources */ = {isa = PBXBuildFile; fileRef = 483753AD2B45DA2000386482 /* EditAlbumItemView.swift */; };
		483753B02B45DA9300386482 /* EditAlbumItemViewModel.swift in Sources */ = {isa = PBXBuildFile; fileRef = 483753AF2B45DA9300386482 /* EditAlbumItemViewModel.swift */; };
		48934A4A2B44A98600520EC8 /* CloudModel.swift in Sources */ = {isa = PBXBuildFile; fileRef = 48934A492B44A98600520EC8 /* CloudModel.swift */; };
		489E53952B56034D0098DD82 /* WeekRecommendationsViewModel.swift in Sources */ = {isa = PBXBuildFile; fileRef = 489E53942B56034D0098DD82 /* WeekRecommendationsViewModel.swift */; };
		489E53972B5608940098DD82 /* RecommendedAlbumItemView.swift in Sources */ = {isa = PBXBuildFile; fileRef = 489E53962B5608940098DD82 /* RecommendedAlbumItemView.swift */; };
		489E539B2B56E6B80098DD82 /* Recommendations.swift in Sources */ = {isa = PBXBuildFile; fileRef = 489E539A2B56E6B80098DD82 /* Recommendations.swift */; };
		48AD5EAC2B49EFA7004AE16C /* RecomendationsView.swift in Sources */ = {isa = PBXBuildFile; fileRef = 48AD5EAB2B49EFA7004AE16C /* RecomendationsView.swift */; };
		48AD5EAE2B4B3BF4004AE16C /* WeekRecommendationsView.swift in Sources */ = {isa = PBXBuildFile; fileRef = 48AD5EAD2B4B3BF4004AE16C /* WeekRecommendationsView.swift */; };
		48BB1D002B3FC04C0017CC98 /* R_R_iOSApp.swift in Sources */ = {isa = PBXBuildFile; fileRef = 48BB1CFF2B3FC04C0017CC98 /* R_R_iOSApp.swift */; };
		48BB1D042B3FC04D0017CC98 /* Assets.xcassets in Resources */ = {isa = PBXBuildFile; fileRef = 48BB1D032B3FC04D0017CC98 /* Assets.xcassets */; };
		48C1C6B02B40BDF5005C9EFE /* Amoitar.ttf in Resources */ = {isa = PBXBuildFile; fileRef = 48C1C6AF2B40BDEF005C9EFE /* Amoitar.ttf */; };
/* End PBXBuildFile section */

/* Begin PBXContainerItemProxy section */
		48BB1D142B3FC04D0017CC98 /* PBXContainerItemProxy */ = {
			isa = PBXContainerItemProxy;
			containerPortal = 48BB1CF42B3FC04C0017CC98 /* Project object */;
			proxyType = 1;
			remoteGlobalIDString = 48BB1CFB2B3FC04C0017CC98;
			remoteInfo = "R&R iOS";
		};
		48BB1D1E2B3FC04D0017CC98 /* PBXContainerItemProxy */ = {
			isa = PBXContainerItemProxy;
			containerPortal = 48BB1CF42B3FC04C0017CC98 /* Project object */;
			proxyType = 1;
			remoteGlobalIDString = 48BB1CFB2B3FC04C0017CC98;
			remoteInfo = "R&R iOS";
		};
/* End PBXContainerItemProxy section */

/* Begin PBXFileReference section */
		481BE5852B40CF6D00036E45 /* ProfileView.swift */ = {isa = PBXFileReference; lastKnownFileType = sourcecode.swift; path = ProfileView.swift; sourceTree = "<group>"; };
		481BE5872B40CF7900036E45 /* AlbumListView.swift */ = {isa = PBXFileReference; lastKnownFileType = sourcecode.swift; path = AlbumListView.swift; sourceTree = "<group>"; };
		481BE5892B40CF8600036E45 /* NewItemView.swift */ = {isa = PBXFileReference; lastKnownFileType = sourcecode.swift; path = NewItemView.swift; sourceTree = "<group>"; };
		481BE58B2B40CF9300036E45 /* LoginView.swift */ = {isa = PBXFileReference; lastKnownFileType = sourcecode.swift; path = LoginView.swift; sourceTree = "<group>"; };
		481BE58D2B40CF9F00036E45 /* RegisterView.swift */ = {isa = PBXFileReference; lastKnownFileType = sourcecode.swift; path = RegisterView.swift; sourceTree = "<group>"; };
		481BE58F2B40CFC400036E45 /* AlbumItemView.swift */ = {isa = PBXFileReference; lastKnownFileType = sourcecode.swift; path = AlbumItemView.swift; sourceTree = "<group>"; };
		481BE5912B40D03700036E45 /* User.swift */ = {isa = PBXFileReference; lastKnownFileType = sourcecode.swift; path = User.swift; sourceTree = "<group>"; };
		481BE5932B40D04000036E45 /* AlbumItem.swift */ = {isa = PBXFileReference; lastKnownFileType = sourcecode.swift; path = AlbumItem.swift; sourceTree = "<group>"; };
		481BE5952B40D06E00036E45 /* ContentViewModel.swift */ = {isa = PBXFileReference; lastKnownFileType = sourcecode.swift; path = ContentViewModel.swift; sourceTree = "<group>"; };
		481BE5972B40D07E00036E45 /* ProfileViewModel.swift */ = {isa = PBXFileReference; lastKnownFileType = sourcecode.swift; path = ProfileViewModel.swift; sourceTree = "<group>"; };
		481BE5992B40D08A00036E45 /* AlbumListViewModel.swift */ = {isa = PBXFileReference; lastKnownFileType = sourcecode.swift; path = AlbumListViewModel.swift; sourceTree = "<group>"; };
		481BE59B2B40D09600036E45 /* NewItemViewModel.swift */ = {isa = PBXFileReference; lastKnownFileType = sourcecode.swift; path = NewItemViewModel.swift; sourceTree = "<group>"; };
		481BE59D2B40D0A400036E45 /* LoginViewModel.swift */ = {isa = PBXFileReference; lastKnownFileType = sourcecode.swift; path = LoginViewModel.swift; sourceTree = "<group>"; };
		481BE59F2B40D0AE00036E45 /* RegisterViewModel.swift */ = {isa = PBXFileReference; lastKnownFileType = sourcecode.swift; path = RegisterViewModel.swift; sourceTree = "<group>"; };
		481BE5A12B40D0BE00036E45 /* AlbumItemViewModel.swift */ = {isa = PBXFileReference; lastKnownFileType = sourcecode.swift; path = AlbumItemViewModel.swift; sourceTree = "<group>"; };
		481BE5A52B40D5DF00036E45 /* MainView.swift */ = {isa = PBXFileReference; lastKnownFileType = sourcecode.swift; path = MainView.swift; sourceTree = "<group>"; };
		481BE5A72B40D8B100036E45 /* HeaderVeiw.swift */ = {isa = PBXFileReference; lastKnownFileType = sourcecode.swift; path = HeaderVeiw.swift; sourceTree = "<group>"; };
		481BE5A92B40DCFF00036E45 /* RRButton.swift */ = {isa = PBXFileReference; lastKnownFileType = sourcecode.swift; path = RRButton.swift; sourceTree = "<group>"; };
		481BE5AB2B40E25800036E45 /* MainViewModel.swift */ = {isa = PBXFileReference; lastKnownFileType = sourcecode.swift; path = MainViewModel.swift; sourceTree = "<group>"; };
		483753AD2B45DA2000386482 /* EditAlbumItemView.swift */ = {isa = PBXFileReference; lastKnownFileType = sourcecode.swift; path = EditAlbumItemView.swift; sourceTree = "<group>"; };
		483753AF2B45DA9300386482 /* EditAlbumItemViewModel.swift */ = {isa = PBXFileReference; lastKnownFileType = sourcecode.swift; path = EditAlbumItemViewModel.swift; sourceTree = "<group>"; };
		48934A492B44A98600520EC8 /* CloudModel.swift */ = {isa = PBXFileReference; lastKnownFileType = sourcecode.swift; path = CloudModel.swift; sourceTree = "<group>"; };
		489E53942B56034D0098DD82 /* WeekRecommendationsViewModel.swift */ = {isa = PBXFileReference; lastKnownFileType = sourcecode.swift; path = WeekRecommendationsViewModel.swift; sourceTree = "<group>"; };
		489E53962B5608940098DD82 /* RecommendedAlbumItemView.swift */ = {isa = PBXFileReference; lastKnownFileType = sourcecode.swift; path = RecommendedAlbumItemView.swift; sourceTree = "<group>"; };
		489E539A2B56E6B80098DD82 /* Recommendations.swift */ = {isa = PBXFileReference; lastKnownFileType = sourcecode.swift; path = Recommendations.swift; sourceTree = "<group>"; };
		48AD5EAB2B49EFA7004AE16C /* RecomendationsView.swift */ = {isa = PBXFileReference; lastKnownFileType = sourcecode.swift; path = RecomendationsView.swift; sourceTree = "<group>"; };
		48AD5EAD2B4B3BF4004AE16C /* WeekRecommendationsView.swift */ = {isa = PBXFileReference; lastKnownFileType = sourcecode.swift; path = WeekRecommendationsView.swift; sourceTree = "<group>"; };
		48BB1CFC2B3FC04C0017CC98 /* R&R iOS.app */ = {isa = PBXFileReference; explicitFileType = wrapper.application; includeInIndex = 0; path = "R&R iOS.app"; sourceTree = BUILT_PRODUCTS_DIR; };
		48BB1CFF2B3FC04C0017CC98 /* R_R_iOSApp.swift */ = {isa = PBXFileReference; lastKnownFileType = sourcecode.swift; path = R_R_iOSApp.swift; sourceTree = "<group>"; };
		48BB1D032B3FC04D0017CC98 /* Assets.xcassets */ = {isa = PBXFileReference; lastKnownFileType = folder.assetcatalog; path = Assets.xcassets; sourceTree = "<group>"; };
		48BB1D0D2B3FC04D0017CC98 /* R_R_iOS.entitlements */ = {isa = PBXFileReference; lastKnownFileType = text.plist.entitlements; path = R_R_iOS.entitlements; sourceTree = "<group>"; };
		48BB1D0E2B3FC04D0017CC98 /* Info.plist */ = {isa = PBXFileReference; lastKnownFileType = text.plist.xml; path = Info.plist; sourceTree = "<group>"; };
		48BB1D132B3FC04D0017CC98 /* R&R iOSTests.xctest */ = {isa = PBXFileReference; explicitFileType = wrapper.cfbundle; includeInIndex = 0; path = "R&R iOSTests.xctest"; sourceTree = BUILT_PRODUCTS_DIR; };
		48BB1D1D2B3FC04D0017CC98 /* R&R iOSUITests.xctest */ = {isa = PBXFileReference; explicitFileType = wrapper.cfbundle; includeInIndex = 0; path = "R&R iOSUITests.xctest"; sourceTree = BUILT_PRODUCTS_DIR; };
		48C1C6AF2B40BDEF005C9EFE /* Amoitar.ttf */ = {isa = PBXFileReference; lastKnownFileType = file; path = Amoitar.ttf; sourceTree = "<group>"; };
		48CE5DF12B5840530087EC12 /* R&R iOSRelease.entitlements */ = {isa = PBXFileReference; lastKnownFileType = text.plist.entitlements; path = "R&R iOSRelease.entitlements"; sourceTree = "<group>"; };
		48DF8DB52B48ADED0006C5A4 /* Cochin.ttc */ = {isa = PBXFileReference; lastKnownFileType = file; name = Cochin.ttc; path = ../../../../../../../System/Library/Fonts/Supplemental/Cochin.ttc; sourceTree = "<group>"; };
/* End PBXFileReference section */

/* Begin PBXFrameworksBuildPhase section */
		48BB1CF92B3FC04C0017CC98 /* Frameworks */ = {
			isa = PBXFrameworksBuildPhase;
			buildActionMask = 2147483647;
			files = (
			);
			runOnlyForDeploymentPostprocessing = 0;
		};
		48BB1D102B3FC04D0017CC98 /* Frameworks */ = {
			isa = PBXFrameworksBuildPhase;
			buildActionMask = 2147483647;
			files = (
			);
			runOnlyForDeploymentPostprocessing = 0;
		};
		48BB1D1A2B3FC04D0017CC98 /* Frameworks */ = {
			isa = PBXFrameworksBuildPhase;
			buildActionMask = 2147483647;
			files = (
			);
			runOnlyForDeploymentPostprocessing = 0;
		};
/* End PBXFrameworksBuildPhase section */

/* Begin PBXGroup section */
		481BE5822B40CE6A00036E45 /* Views */ = {
			isa = PBXGroup;
			children = (
				481BE58F2B40CFC400036E45 /* AlbumItemView.swift */,
				483753AD2B45DA2000386482 /* EditAlbumItemView.swift */,
				481BE5872B40CF7900036E45 /* AlbumListView.swift */,
				481BE5A72B40D8B100036E45 /* HeaderVeiw.swift */,
				481BE58B2B40CF9300036E45 /* LoginView.swift */,
				481BE5A52B40D5DF00036E45 /* MainView.swift */,
				48AD5EAB2B49EFA7004AE16C /* RecomendationsView.swift */,
				489E53962B5608940098DD82 /* RecommendedAlbumItemView.swift */,
				481BE5892B40CF8600036E45 /* NewItemView.swift */,
				481BE5852B40CF6D00036E45 /* ProfileView.swift */,
				481BE58D2B40CF9F00036E45 /* RegisterView.swift */,
				481BE5A92B40DCFF00036E45 /* RRButton.swift */,
				48AD5EAD2B4B3BF4004AE16C /* WeekRecommendationsView.swift */,
			);
			path = Views;
			sourceTree = "<group>";
		};
		481BE5832B40CE7F00036E45 /* ViewModels */ = {
			isa = PBXGroup;
			children = (
				481BE5A12B40D0BE00036E45 /* AlbumItemViewModel.swift */,
				481BE5992B40D08A00036E45 /* AlbumListViewModel.swift */,
				481BE5952B40D06E00036E45 /* ContentViewModel.swift */,
				481BE59D2B40D0A400036E45 /* LoginViewModel.swift */,
				481BE5AB2B40E25800036E45 /* MainViewModel.swift */,
				481BE59B2B40D09600036E45 /* NewItemViewModel.swift */,
				481BE5972B40D07E00036E45 /* ProfileViewModel.swift */,
				481BE59F2B40D0AE00036E45 /* RegisterViewModel.swift */,
				483753AF2B45DA9300386482 /* EditAlbumItemViewModel.swift */,
				489E53942B56034D0098DD82 /* WeekRecommendationsViewModel.swift */,
			);
			path = ViewModels;
			sourceTree = "<group>";
		};
		481BE5842B40CE9000036E45 /* Models */ = {
			isa = PBXGroup;
			children = (
				481BE5932B40D04000036E45 /* AlbumItem.swift */,
				481BE5912B40D03700036E45 /* User.swift */,
				48934A492B44A98600520EC8 /* CloudModel.swift */,
				489E539A2B56E6B80098DD82 /* Recommendations.swift */,
			);
			path = Models;
			sourceTree = "<group>";
		};
		48BB1CF32B3FC04C0017CC98 = {
			isa = PBXGroup;
			children = (
				48BB1CFD2B3FC04C0017CC98 /* Products */,
				48BB1CFE2B3FC04C0017CC98 /* R&R iOS */,
			);
			sourceTree = "<group>";
		};
		48BB1CFD2B3FC04C0017CC98 /* Products */ = {
			isa = PBXGroup;
			children = (
				48BB1CFC2B3FC04C0017CC98 /* R&R iOS.app */,
				48BB1D132B3FC04D0017CC98 /* R&R iOSTests.xctest */,
				48BB1D1D2B3FC04D0017CC98 /* R&R iOSUITests.xctest */,
			);
			name = Products;
			sourceTree = "<group>";
		};
		48BB1CFE2B3FC04C0017CC98 /* R&R iOS */ = {
			isa = PBXGroup;
			children = (
				48CE5DF12B5840530087EC12 /* R&R iOSRelease.entitlements */,
				48C1C6A92B40B9DC005C9EFE /* fonts */,
				481BE5842B40CE9000036E45 /* Models */,
				481BE5832B40CE7F00036E45 /* ViewModels */,
				481BE5822B40CE6A00036E45 /* Views */,
				48BB1D0D2B3FC04D0017CC98 /* R_R_iOS.entitlements */,
				48BB1D0E2B3FC04D0017CC98 /* Info.plist */,
				48BB1CFF2B3FC04C0017CC98 /* R_R_iOSApp.swift */,
				48BB1D032B3FC04D0017CC98 /* Assets.xcassets */,
			);
			path = "R&R iOS";
			sourceTree = "<group>";
		};
		48C1C6A92B40B9DC005C9EFE /* fonts */ = {
			isa = PBXGroup;
			children = (
				48C1C6AF2B40BDEF005C9EFE /* Amoitar.ttf */,
				48DF8DB52B48ADED0006C5A4 /* Cochin.ttc */,
			);
			path = fonts;
			sourceTree = "<group>";
		};
/* End PBXGroup section */

/* Begin PBXNativeTarget section */
		48BB1CFB2B3FC04C0017CC98 /* R&R iOS */ = {
			isa = PBXNativeTarget;
			buildConfigurationList = 48BB1D272B3FC04D0017CC98 /* Build configuration list for PBXNativeTarget "R&R iOS" */;
			buildPhases = (
				48BB1CF82B3FC04C0017CC98 /* Sources */,
				48BB1CF92B3FC04C0017CC98 /* Frameworks */,
				48BB1CFA2B3FC04C0017CC98 /* Resources */,
			);
			buildRules = (
			);
			dependencies = (
			);
			name = "R&R iOS";
			productName = "R&R iOS";
			productReference = 48BB1CFC2B3FC04C0017CC98 /* R&R iOS.app */;
			productType = "com.apple.product-type.application";
		};
		48BB1D122B3FC04D0017CC98 /* R&R iOSTests */ = {
			isa = PBXNativeTarget;
			buildConfigurationList = 48BB1D2A2B3FC04D0017CC98 /* Build configuration list for PBXNativeTarget "R&R iOSTests" */;
			buildPhases = (
				48BB1D0F2B3FC04D0017CC98 /* Sources */,
				48BB1D102B3FC04D0017CC98 /* Frameworks */,
				48BB1D112B3FC04D0017CC98 /* Resources */,
			);
			buildRules = (
			);
			dependencies = (
				48BB1D152B3FC04D0017CC98 /* PBXTargetDependency */,
			);
			name = "R&R iOSTests";
			productName = "R&R iOSTests";
			productReference = 48BB1D132B3FC04D0017CC98 /* R&R iOSTests.xctest */;
			productType = "com.apple.product-type.bundle.unit-test";
		};
		48BB1D1C2B3FC04D0017CC98 /* R&R iOSUITests */ = {
			isa = PBXNativeTarget;
			buildConfigurationList = 48BB1D2D2B3FC04D0017CC98 /* Build configuration list for PBXNativeTarget "R&R iOSUITests" */;
			buildPhases = (
				48BB1D192B3FC04D0017CC98 /* Sources */,
				48BB1D1A2B3FC04D0017CC98 /* Frameworks */,
				48BB1D1B2B3FC04D0017CC98 /* Resources */,
			);
			buildRules = (
			);
			dependencies = (
				48BB1D1F2B3FC04D0017CC98 /* PBXTargetDependency */,
			);
			name = "R&R iOSUITests";
			productName = "R&R iOSUITests";
			productReference = 48BB1D1D2B3FC04D0017CC98 /* R&R iOSUITests.xctest */;
			productType = "com.apple.product-type.bundle.ui-testing";
		};
/* End PBXNativeTarget section */

/* Begin PBXProject section */
		48BB1CF42B3FC04C0017CC98 /* Project object */ = {
			isa = PBXProject;
			attributes = {
				BuildIndependentTargetsInParallel = 1;
				LastSwiftUpdateCheck = 1510;
				LastUpgradeCheck = 1510;
				TargetAttributes = {
					48BB1CFB2B3FC04C0017CC98 = {
						CreatedOnToolsVersion = 15.1;
					};
					48BB1D122B3FC04D0017CC98 = {
						CreatedOnToolsVersion = 15.1;
						TestTargetID = 48BB1CFB2B3FC04C0017CC98;
					};
					48BB1D1C2B3FC04D0017CC98 = {
						CreatedOnToolsVersion = 15.1;
						TestTargetID = 48BB1CFB2B3FC04C0017CC98;
					};
				};
			};
			buildConfigurationList = 48BB1CF72B3FC04C0017CC98 /* Build configuration list for PBXProject "R&R iOS" */;
			compatibilityVersion = "Xcode 14.0";
			developmentRegion = en;
			hasScannedForEncodings = 0;
			knownRegions = (
				en,
				Base,
			);
			mainGroup = 48BB1CF32B3FC04C0017CC98;
			productRefGroup = 48BB1CFD2B3FC04C0017CC98 /* Products */;
			projectDirPath = "";
			projectRoot = "";
			targets = (
				48BB1CFB2B3FC04C0017CC98 /* R&R iOS */,
				48BB1D122B3FC04D0017CC98 /* R&R iOSTests */,
				48BB1D1C2B3FC04D0017CC98 /* R&R iOSUITests */,
			);
		};
/* End PBXProject section */

/* Begin PBXResourcesBuildPhase section */
		48BB1CFA2B3FC04C0017CC98 /* Resources */ = {
			isa = PBXResourcesBuildPhase;
			buildActionMask = 2147483647;
			files = (
				48C1C6B02B40BDF5005C9EFE /* Amoitar.ttf in Resources */,
				48BB1D042B3FC04D0017CC98 /* Assets.xcassets in Resources */,
			);
			runOnlyForDeploymentPostprocessing = 0;
		};
		48BB1D112B3FC04D0017CC98 /* Resources */ = {
			isa = PBXResourcesBuildPhase;
			buildActionMask = 2147483647;
			files = (
			);
			runOnlyForDeploymentPostprocessing = 0;
		};
		48BB1D1B2B3FC04D0017CC98 /* Resources */ = {
			isa = PBXResourcesBuildPhase;
			buildActionMask = 2147483647;
			files = (
			);
			runOnlyForDeploymentPostprocessing = 0;
		};
/* End PBXResourcesBuildPhase section */

/* Begin PBXSourcesBuildPhase section */
		48BB1CF82B3FC04C0017CC98 /* Sources */ = {
			isa = PBXSourcesBuildPhase;
			buildActionMask = 2147483647;
			files = (
				481BE58E2B40CF9F00036E45 /* RegisterView.swift in Sources */,
				481BE5A82B40D8B100036E45 /* HeaderVeiw.swift in Sources */,
				481BE5962B40D06E00036E45 /* ContentViewModel.swift in Sources */,
				483753AE2B45DA2000386482 /* EditAlbumItemView.swift in Sources */,
				489E539B2B56E6B80098DD82 /* Recommendations.swift in Sources */,
				483753B02B45DA9300386482 /* EditAlbumItemViewModel.swift in Sources */,
				48934A4A2B44A98600520EC8 /* CloudModel.swift in Sources */,
				481BE5942B40D04000036E45 /* AlbumItem.swift in Sources */,
				481BE58A2B40CF8600036E45 /* NewItemView.swift in Sources */,
				48AD5EAC2B49EFA7004AE16C /* RecomendationsView.swift in Sources */,
				481BE59C2B40D09600036E45 /* NewItemViewModel.swift in Sources */,
				481BE5A02B40D0AE00036E45 /* RegisterViewModel.swift in Sources */,
				481BE5982B40D07E00036E45 /* ProfileViewModel.swift in Sources */,
				481BE5862B40CF6D00036E45 /* ProfileView.swift in Sources */,
				481BE5902B40CFC400036E45 /* AlbumItemView.swift in Sources */,
				481BE59E2B40D0A400036E45 /* LoginViewModel.swift in Sources */,
				481BE5A62B40D5DF00036E45 /* MainView.swift in Sources */,
				481BE5882B40CF7900036E45 /* AlbumListView.swift in Sources */,
				481BE58C2B40CF9300036E45 /* LoginView.swift in Sources */,
				48BB1D002B3FC04C0017CC98 /* R_R_iOSApp.swift in Sources */,
				481BE5A22B40D0BE00036E45 /* AlbumItemViewModel.swift in Sources */,
				481BE5922B40D03700036E45 /* User.swift in Sources */,
				481BE59A2B40D08A00036E45 /* AlbumListViewModel.swift in Sources */,
				481BE5AC2B40E25800036E45 /* MainViewModel.swift in Sources */,
				489E53972B5608940098DD82 /* RecommendedAlbumItemView.swift in Sources */,
				48AD5EAE2B4B3BF4004AE16C /* WeekRecommendationsView.swift in Sources */,
				481BE5AA2B40DCFF00036E45 /* RRButton.swift in Sources */,
				489E53952B56034D0098DD82 /* WeekRecommendationsViewModel.swift in Sources */,
			);
			runOnlyForDeploymentPostprocessing = 0;
		};
		48BB1D0F2B3FC04D0017CC98 /* Sources */ = {
			isa = PBXSourcesBuildPhase;
			buildActionMask = 2147483647;
			files = (
			);
			runOnlyForDeploymentPostprocessing = 0;
		};
		48BB1D192B3FC04D0017CC98 /* Sources */ = {
			isa = PBXSourcesBuildPhase;
			buildActionMask = 2147483647;
			files = (
			);
			runOnlyForDeploymentPostprocessing = 0;
		};
/* End PBXSourcesBuildPhase section */

/* Begin PBXTargetDependency section */
		48BB1D152B3FC04D0017CC98 /* PBXTargetDependency */ = {
			isa = PBXTargetDependency;
			target = 48BB1CFB2B3FC04C0017CC98 /* R&R iOS */;
			targetProxy = 48BB1D142B3FC04D0017CC98 /* PBXContainerItemProxy */;
		};
		48BB1D1F2B3FC04D0017CC98 /* PBXTargetDependency */ = {
			isa = PBXTargetDependency;
			target = 48BB1CFB2B3FC04C0017CC98 /* R&R iOS */;
			targetProxy = 48BB1D1E2B3FC04D0017CC98 /* PBXContainerItemProxy */;
		};
/* End PBXTargetDependency section */

/* Begin XCBuildConfiguration section */
		48BB1D252B3FC04D0017CC98 /* Debug */ = {
			isa = XCBuildConfiguration;
			buildSettings = {
				ALWAYS_SEARCH_USER_PATHS = NO;
				ASSETCATALOG_COMPILER_GENERATE_SWIFT_ASSET_SYMBOL_EXTENSIONS = YES;
				CLANG_ANALYZER_NONNULL = YES;
				CLANG_ANALYZER_NUMBER_OBJECT_CONVERSION = YES_AGGRESSIVE;
				CLANG_CXX_LANGUAGE_STANDARD = "gnu++20";
				CLANG_ENABLE_MODULES = YES;
				CLANG_ENABLE_OBJC_ARC = YES;
				CLANG_ENABLE_OBJC_WEAK = YES;
				CLANG_WARN_BLOCK_CAPTURE_AUTORELEASING = YES;
				CLANG_WARN_BOOL_CONVERSION = YES;
				CLANG_WARN_COMMA = YES;
				CLANG_WARN_CONSTANT_CONVERSION = YES;
				CLANG_WARN_DEPRECATED_OBJC_IMPLEMENTATIONS = YES;
				CLANG_WARN_DIRECT_OBJC_ISA_USAGE = YES_ERROR;
				CLANG_WARN_DOCUMENTATION_COMMENTS = YES;
				CLANG_WARN_EMPTY_BODY = YES;
				CLANG_WARN_ENUM_CONVERSION = YES;
				CLANG_WARN_INFINITE_RECURSION = YES;
				CLANG_WARN_INT_CONVERSION = YES;
				CLANG_WARN_NON_LITERAL_NULL_CONVERSION = YES;
				CLANG_WARN_OBJC_IMPLICIT_RETAIN_SELF = YES;
				CLANG_WARN_OBJC_LITERAL_CONVERSION = YES;
				CLANG_WARN_OBJC_ROOT_CLASS = YES_ERROR;
				CLANG_WARN_QUOTED_INCLUDE_IN_FRAMEWORK_HEADER = YES;
				CLANG_WARN_RANGE_LOOP_ANALYSIS = YES;
				CLANG_WARN_STRICT_PROTOTYPES = YES;
				CLANG_WARN_SUSPICIOUS_MOVE = YES;
				CLANG_WARN_UNGUARDED_AVAILABILITY = YES_AGGRESSIVE;
				CLANG_WARN_UNREACHABLE_CODE = YES;
				CLANG_WARN__DUPLICATE_METHOD_MATCH = YES;
				COPY_PHASE_STRIP = NO;
				DEBUG_INFORMATION_FORMAT = dwarf;
				ENABLE_STRICT_OBJC_MSGSEND = YES;
				ENABLE_TESTABILITY = YES;
				ENABLE_USER_SCRIPT_SANDBOXING = YES;
				GCC_C_LANGUAGE_STANDARD = gnu17;
				GCC_DYNAMIC_NO_PIC = NO;
				GCC_NO_COMMON_BLOCKS = YES;
				GCC_OPTIMIZATION_LEVEL = 0;
				GCC_PREPROCESSOR_DEFINITIONS = (
					"DEBUG=1",
					"$(inherited)",
				);
				GCC_WARN_64_TO_32_BIT_CONVERSION = YES;
				GCC_WARN_ABOUT_RETURN_TYPE = YES_ERROR;
				GCC_WARN_UNDECLARED_SELECTOR = YES;
				GCC_WARN_UNINITIALIZED_AUTOS = YES_AGGRESSIVE;
				GCC_WARN_UNUSED_FUNCTION = YES;
				GCC_WARN_UNUSED_VARIABLE = YES;
				IPHONEOS_DEPLOYMENT_TARGET = 17.2;
				LOCALIZATION_PREFERS_STRING_CATALOGS = YES;
				MTL_ENABLE_DEBUG_INFO = INCLUDE_SOURCE;
				MTL_FAST_MATH = YES;
				ONLY_ACTIVE_ARCH = YES;
				SDKROOT = iphoneos;
				SWIFT_ACTIVE_COMPILATION_CONDITIONS = "DEBUG $(inherited)";
				SWIFT_OPTIMIZATION_LEVEL = "-Onone";
			};
			name = Debug;
		};
		48BB1D262B3FC04D0017CC98 /* Release */ = {
			isa = XCBuildConfiguration;
			buildSettings = {
				ALWAYS_SEARCH_USER_PATHS = NO;
				ASSETCATALOG_COMPILER_GENERATE_SWIFT_ASSET_SYMBOL_EXTENSIONS = YES;
				CLANG_ANALYZER_NONNULL = YES;
				CLANG_ANALYZER_NUMBER_OBJECT_CONVERSION = YES_AGGRESSIVE;
				CLANG_CXX_LANGUAGE_STANDARD = "gnu++20";
				CLANG_ENABLE_MODULES = YES;
				CLANG_ENABLE_OBJC_ARC = YES;
				CLANG_ENABLE_OBJC_WEAK = YES;
				CLANG_WARN_BLOCK_CAPTURE_AUTORELEASING = YES;
				CLANG_WARN_BOOL_CONVERSION = YES;
				CLANG_WARN_COMMA = YES;
				CLANG_WARN_CONSTANT_CONVERSION = YES;
				CLANG_WARN_DEPRECATED_OBJC_IMPLEMENTATIONS = YES;
				CLANG_WARN_DIRECT_OBJC_ISA_USAGE = YES_ERROR;
				CLANG_WARN_DOCUMENTATION_COMMENTS = YES;
				CLANG_WARN_EMPTY_BODY = YES;
				CLANG_WARN_ENUM_CONVERSION = YES;
				CLANG_WARN_INFINITE_RECURSION = YES;
				CLANG_WARN_INT_CONVERSION = YES;
				CLANG_WARN_NON_LITERAL_NULL_CONVERSION = YES;
				CLANG_WARN_OBJC_IMPLICIT_RETAIN_SELF = YES;
				CLANG_WARN_OBJC_LITERAL_CONVERSION = YES;
				CLANG_WARN_OBJC_ROOT_CLASS = YES_ERROR;
				CLANG_WARN_QUOTED_INCLUDE_IN_FRAMEWORK_HEADER = YES;
				CLANG_WARN_RANGE_LOOP_ANALYSIS = YES;
				CLANG_WARN_STRICT_PROTOTYPES = YES;
				CLANG_WARN_SUSPICIOUS_MOVE = YES;
				CLANG_WARN_UNGUARDED_AVAILABILITY = YES_AGGRESSIVE;
				CLANG_WARN_UNREACHABLE_CODE = YES;
				CLANG_WARN__DUPLICATE_METHOD_MATCH = YES;
				COPY_PHASE_STRIP = NO;
				DEBUG_INFORMATION_FORMAT = "dwarf-with-dsym";
				ENABLE_NS_ASSERTIONS = NO;
				ENABLE_STRICT_OBJC_MSGSEND = YES;
				ENABLE_USER_SCRIPT_SANDBOXING = YES;
				GCC_C_LANGUAGE_STANDARD = gnu17;
				GCC_NO_COMMON_BLOCKS = YES;
				GCC_WARN_64_TO_32_BIT_CONVERSION = YES;
				GCC_WARN_ABOUT_RETURN_TYPE = YES_ERROR;
				GCC_WARN_UNDECLARED_SELECTOR = YES;
				GCC_WARN_UNINITIALIZED_AUTOS = YES_AGGRESSIVE;
				GCC_WARN_UNUSED_FUNCTION = YES;
				GCC_WARN_UNUSED_VARIABLE = YES;
				IPHONEOS_DEPLOYMENT_TARGET = 17.2;
				LOCALIZATION_PREFERS_STRING_CATALOGS = YES;
				MTL_ENABLE_DEBUG_INFO = NO;
				MTL_FAST_MATH = YES;
				SDKROOT = iphoneos;
				SWIFT_COMPILATION_MODE = wholemodule;
				VALIDATE_PRODUCT = YES;
			};
			name = Release;
		};
		48BB1D282B3FC04D0017CC98 /* Debug */ = {
			isa = XCBuildConfiguration;
			buildSettings = {
				ASSETCATALOG_COMPILER_APPICON_NAME = AppIcon;
				ASSETCATALOG_COMPILER_GLOBAL_ACCENT_COLOR_NAME = AccentColor;
				CODE_SIGN_ENTITLEMENTS = "R&R iOS/R_R_iOS.entitlements";
				CODE_SIGN_STYLE = Automatic;
				CURRENT_PROJECT_VERSION = 1;
				DEVELOPMENT_ASSET_PATHS = "\"R&R iOS/Preview Content\"";
				DEVELOPMENT_TEAM = 48Y23HRY8Y;
				ENABLE_PREVIEWS = YES;
				GENERATE_INFOPLIST_FILE = YES;
				INFOPLIST_FILE = "R&R iOS/Info.plist";
				INFOPLIST_KEY_UIApplicationSceneManifest_Generation = YES;
				INFOPLIST_KEY_UIApplicationSupportsIndirectInputEvents = YES;
				INFOPLIST_KEY_UILaunchScreen_Generation = YES;
				INFOPLIST_KEY_UISupportedInterfaceOrientations_iPad = "UIInterfaceOrientationPortrait UIInterfaceOrientationPortraitUpsideDown UIInterfaceOrientationLandscapeLeft UIInterfaceOrientationLandscapeRight";
				INFOPLIST_KEY_UISupportedInterfaceOrientations_iPhone = "UIInterfaceOrientationPortrait UIInterfaceOrientationLandscapeLeft UIInterfaceOrientationLandscapeRight";
				LD_RUNPATH_SEARCH_PATHS = (
					"$(inherited)",
					"@executable_path/Frameworks",
				);
				MARKETING_VERSION = 1.0;
				PRODUCT_BUNDLE_IDENTIFIER = "pdj1183.R-R-iOS";
				PRODUCT_NAME = "$(TARGET_NAME)";
				SWIFT_EMIT_LOC_STRINGS = YES;
				SWIFT_VERSION = 5.0;
				TARGETED_DEVICE_FAMILY = "1,2";
			};
			name = Debug;
		};
		48BB1D292B3FC04D0017CC98 /* Release */ = {
			isa = XCBuildConfiguration;
			buildSettings = {
				ASSETCATALOG_COMPILER_APPICON_NAME = AppIcon;
				ASSETCATALOG_COMPILER_GLOBAL_ACCENT_COLOR_NAME = AccentColor;
				CODE_SIGN_ENTITLEMENTS = "R&R iOS/R&R iOSRelease.entitlements";
				CODE_SIGN_STYLE = Automatic;
				CURRENT_PROJECT_VERSION = 1;
				DEVELOPMENT_ASSET_PATHS = "\"R&R iOS/Preview Content\"";
				DEVELOPMENT_TEAM = 48Y23HRY8Y;
				ENABLE_PREVIEWS = YES;
				GENERATE_INFOPLIST_FILE = YES;
				INFOPLIST_FILE = "R&R iOS/Info.plist";
				INFOPLIST_KEY_UIApplicationSceneManifest_Generation = YES;
				INFOPLIST_KEY_UIApplicationSupportsIndirectInputEvents = YES;
				INFOPLIST_KEY_UILaunchScreen_Generation = YES;
				INFOPLIST_KEY_UISupportedInterfaceOrientations_iPad = "UIInterfaceOrientationPortrait UIInterfaceOrientationPortraitUpsideDown UIInterfaceOrientationLandscapeLeft UIInterfaceOrientationLandscapeRight";
				INFOPLIST_KEY_UISupportedInterfaceOrientations_iPhone = "UIInterfaceOrientationPortrait UIInterfaceOrientationLandscapeLeft UIInterfaceOrientationLandscapeRight";
				LD_RUNPATH_SEARCH_PATHS = (
					"$(inherited)",
					"@executable_path/Frameworks",
				);
				MARKETING_VERSION = 1.0;
				PRODUCT_BUNDLE_IDENTIFIER = "pdj1183.R-R-iOS";
				PRODUCT_NAME = "$(TARGET_NAME)";
				SWIFT_EMIT_LOC_STRINGS = YES;
				SWIFT_VERSION = 5.0;
				TARGETED_DEVICE_FAMILY = "1,2";
			};
			name = Release;
		};
		48BB1D2B2B3FC04D0017CC98 /* Debug */ = {
			isa = XCBuildConfiguration;
			buildSettings = {
				ALWAYS_EMBED_SWIFT_STANDARD_LIBRARIES = YES;
				BUNDLE_LOADER = "$(TEST_HOST)";
				CODE_SIGN_STYLE = Automatic;
				CURRENT_PROJECT_VERSION = 1;
				DEVELOPMENT_TEAM = 48Y23HRY8Y;
				GENERATE_INFOPLIST_FILE = YES;
				IPHONEOS_DEPLOYMENT_TARGET = 17.2;
				MARKETING_VERSION = 1.0;
				PRODUCT_BUNDLE_IDENTIFIER = "mine.R-R-iOSTests";
				PRODUCT_NAME = "$(TARGET_NAME)";
				SWIFT_EMIT_LOC_STRINGS = NO;
				SWIFT_VERSION = 5.0;
				TARGETED_DEVICE_FAMILY = "1,2";
				TEST_HOST = "$(BUILT_PRODUCTS_DIR)/R&R iOS.app/$(BUNDLE_EXECUTABLE_FOLDER_PATH)/R&R iOS";
			};
			name = Debug;
		};
		48BB1D2C2B3FC04D0017CC98 /* Release */ = {
			isa = XCBuildConfiguration;
			buildSettings = {
				ALWAYS_EMBED_SWIFT_STANDARD_LIBRARIES = YES;
				BUNDLE_LOADER = "$(TEST_HOST)";
				CODE_SIGN_STYLE = Automatic;
				CURRENT_PROJECT_VERSION = 1;
				DEVELOPMENT_TEAM = 48Y23HRY8Y;
				GENERATE_INFOPLIST_FILE = YES;
				IPHONEOS_DEPLOYMENT_TARGET = 17.2;
				MARKETING_VERSION = 1.0;
				PRODUCT_BUNDLE_IDENTIFIER = "mine.R-R-iOSTests";
				PRODUCT_NAME = "$(TARGET_NAME)";
				SWIFT_EMIT_LOC_STRINGS = NO;
				SWIFT_VERSION = 5.0;
				TARGETED_DEVICE_FAMILY = "1,2";
				TEST_HOST = "$(BUILT_PRODUCTS_DIR)/R&R iOS.app/$(BUNDLE_EXECUTABLE_FOLDER_PATH)/R&R iOS";
			};
			name = Release;
		};
		48BB1D2E2B3FC04D0017CC98 /* Debug */ = {
			isa = XCBuildConfiguration;
			buildSettings = {
				ALWAYS_EMBED_SWIFT_STANDARD_LIBRARIES = YES;
				CODE_SIGN_STYLE = Automatic;
				CURRENT_PROJECT_VERSION = 1;
				DEVELOPMENT_TEAM = 48Y23HRY8Y;
				GENERATE_INFOPLIST_FILE = YES;
				MARKETING_VERSION = 1.0;
				PRODUCT_BUNDLE_IDENTIFIER = "mine.R-R-iOSUITests";
				PRODUCT_NAME = "$(TARGET_NAME)";
				SWIFT_EMIT_LOC_STRINGS = NO;
				SWIFT_VERSION = 5.0;
				TARGETED_DEVICE_FAMILY = "1,2";
				TEST_TARGET_NAME = "R&R iOS";
			};
			name = Debug;
		};
		48BB1D2F2B3FC04D0017CC98 /* Release */ = {
			isa = XCBuildConfiguration;
			buildSettings = {
				ALWAYS_EMBED_SWIFT_STANDARD_LIBRARIES = YES;
				CODE_SIGN_STYLE = Automatic;
				CURRENT_PROJECT_VERSION = 1;
				DEVELOPMENT_TEAM = 48Y23HRY8Y;
				GENERATE_INFOPLIST_FILE = YES;
				MARKETING_VERSION = 1.0;
				PRODUCT_BUNDLE_IDENTIFIER = "mine.R-R-iOSUITests";
				PRODUCT_NAME = "$(TARGET_NAME)";
				SWIFT_EMIT_LOC_STRINGS = NO;
				SWIFT_VERSION = 5.0;
				TARGETED_DEVICE_FAMILY = "1,2";
				TEST_TARGET_NAME = "R&R iOS";
			};
			name = Release;
		};
/* End XCBuildConfiguration section */

/* Begin XCConfigurationList section */
		48BB1CF72B3FC04C0017CC98 /* Build configuration list for PBXProject "R&R iOS" */ = {
			isa = XCConfigurationList;
			buildConfigurations = (
				48BB1D252B3FC04D0017CC98 /* Debug */,
				48BB1D262B3FC04D0017CC98 /* Release */,
			);
			defaultConfigurationIsVisible = 0;
			defaultConfigurationName = Release;
		};
		48BB1D272B3FC04D0017CC98 /* Build configuration list for PBXNativeTarget "R&R iOS" */ = {
			isa = XCConfigurationList;
			buildConfigurations = (
				48BB1D282B3FC04D0017CC98 /* Debug */,
				48BB1D292B3FC04D0017CC98 /* Release */,
			);
			defaultConfigurationIsVisible = 0;
			defaultConfigurationName = Release;
		};
		48BB1D2A2B3FC04D0017CC98 /* Build configuration list for PBXNativeTarget "R&R iOSTests" */ = {
			isa = XCConfigurationList;
			buildConfigurations = (
				48BB1D2B2B3FC04D0017CC98 /* Debug */,
				48BB1D2C2B3FC04D0017CC98 /* Release */,
			);
			defaultConfigurationIsVisible = 0;
			defaultConfigurationName = Release;
		};
		48BB1D2D2B3FC04D0017CC98 /* Build configuration list for PBXNativeTarget "R&R iOSUITests" */ = {
			isa = XCConfigurationList;
			buildConfigurations = (
				48BB1D2E2B3FC04D0017CC98 /* Debug */,
				48BB1D2F2B3FC04D0017CC98 /* Release */,
			);
			defaultConfigurationIsVisible = 0;
			defaultConfigurationName = Release;
		};
/* End XCConfigurationList section */
	};
	rootObject = 48BB1CF42B3FC04C0017CC98 /* Project object */;
}
